// !$*UTF8*$!
{
	archiveVersion = 1;
	classes = {
	};
	objectVersion = 56;
	objects = {

/* Begin PBXBuildFile section */
		1D255F462937BE5A00074B58 /* Sumary.json in Resources */ = {isa = PBXBuildFile; fileRef = 1D255F452937BE5A00074B58 /* Sumary.json */; };
		1D2B1E442954C1080044587A /* UIImageImages.swift in Sources */ = {isa = PBXBuildFile; fileRef = 1D2B1E432954C1080044587A /* UIImageImages.swift */; };
		1D2B1E472954C22B0044587A /* UIFontFonts.swift in Sources */ = {isa = PBXBuildFile; fileRef = 1D2B1E462954C22B0044587A /* UIFontFonts.swift */; };
		1D318B5C2949FBEE000C2853 /* ViewControllerRepresentable.swift in Sources */ = {isa = PBXBuildFile; fileRef = 1D318B5B2949FBEE000C2853 /* ViewControllerRepresentable.swift */; };
		1D332CB229538BEC0080F61F /* UIColorColors.swift in Sources */ = {isa = PBXBuildFile; fileRef = 1D332CB129538BEC0080F61F /* UIColorColors.swift */; };
		1D3E05D3291E81F6007F836C /* Create+Stacks.swift in Sources */ = {isa = PBXBuildFile; fileRef = 1D3E05D2291E81F6007F836C /* Create+Stacks.swift */; };
		1D3E05D5291E8207007F836C /* Create+TextFields.swift in Sources */ = {isa = PBXBuildFile; fileRef = 1D3E05D4291E8207007F836C /* Create+TextFields.swift */; };
		1D503E01292FE14C00600B02 /* BooksCollectionView.swift in Sources */ = {isa = PBXBuildFile; fileRef = 1D503E00292FE14C00600B02 /* BooksCollectionView.swift */; };
		1D53BA6329367478007D6802 /* CALayer+Hierarchy.swift in Sources */ = {isa = PBXBuildFile; fileRef = 1D53BA6229367478007D6802 /* CALayer+Hierarchy.swift */; };
		1D65ED9129294259008842F4 /* BookCollectionViewCell.swift in Sources */ = {isa = PBXBuildFile; fileRef = 1D65ED9029294259008842F4 /* BookCollectionViewCell.swift */; };
		1D695752292F963D008AE42D /* BookCollectionView.swift in Sources */ = {isa = PBXBuildFile; fileRef = 1D695751292F963D008AE42D /* BookCollectionView.swift */; };
		1D695754292F9DC2008AE42D /* UIScrollView+Hierarchy.swift in Sources */ = {isa = PBXBuildFile; fileRef = 1D695753292F9DC2008AE42D /* UIScrollView+Hierarchy.swift */; };
		1D71736129477200003C8791 /* Bible.json in Resources */ = {isa = PBXBuildFile; fileRef = 1D71736029477200003C8791 /* Bible.json */; };
		1D77F9AC2927D3ED00EF0EFB /* CALayer+Gradient.swift in Sources */ = {isa = PBXBuildFile; fileRef = 1D77F9AB2927D3ED00EF0EFB /* CALayer+Gradient.swift */; };
		1D7A2DFD2926A2DA00F9907D /* BookViewController.swift in Sources */ = {isa = PBXBuildFile; fileRef = 1D7A2DFC2926A2DA00F9907D /* BookViewController.swift */; };
		1D7A2DFF2926A5DA00F9907D /* Create+NavigationController.swift in Sources */ = {isa = PBXBuildFile; fileRef = 1D7A2DFE2926A5DA00F9907D /* Create+NavigationController.swift */; };
		1D942CD9291D65B70018CC82 /* Create+Buttons.swift in Sources */ = {isa = PBXBuildFile; fileRef = 1D942CD8291D65B70018CC82 /* Create+Buttons.swift */; };
		1DA23365293E364F00865B0D /* GoogleService-Info.plist in Resources */ = {isa = PBXBuildFile; fileRef = 1DA23364293E364F00865B0D /* GoogleService-Info.plist */; };
		1DA298C429229AEE0034770C /* RegisterNameViewController.swift in Sources */ = {isa = PBXBuildFile; fileRef = 1DA298C329229AEE0034770C /* RegisterNameViewController.swift */; };
		1DA298C82922A4D60034770C /* RegisterPhoneViewController.swift in Sources */ = {isa = PBXBuildFile; fileRef = 1DA298C72922A4D60034770C /* RegisterPhoneViewController.swift */; };
		1DA298CA2922A4E80034770C /* RegisterEmailViewController.swift in Sources */ = {isa = PBXBuildFile; fileRef = 1DA298C92922A4E80034770C /* RegisterEmailViewController.swift */; };
		1DA298CC2922A4F70034770C /* RegisterMinisteryViewController.swift in Sources */ = {isa = PBXBuildFile; fileRef = 1DA298CB2922A4F70034770C /* RegisterMinisteryViewController.swift */; };
		1DA298CE2922A50A0034770C /* RegisterBirthDateViewController.swift in Sources */ = {isa = PBXBuildFile; fileRef = 1DA298CD2922A50A0034770C /* RegisterBirthDateViewController.swift */; };
		1DA298D02922A5190034770C /* RegisterAvaibleTimeViewController.swift in Sources */ = {isa = PBXBuildFile; fileRef = 1DA298CF2922A5190034770C /* RegisterAvaibleTimeViewController.swift */; };
		1DA4456A2927A807001E137C /* UINavigationController+Navigate.swift in Sources */ = {isa = PBXBuildFile; fileRef = 1DA445692927A807001E137C /* UINavigationController+Navigate.swift */; };
		1DA4456C2927B029001E137C /* BookModel.swift in Sources */ = {isa = PBXBuildFile; fileRef = 1DA4456B2927B029001E137C /* BookModel.swift */; };
		1DA4456E2927B2A5001E137C /* BookViewModel.swift in Sources */ = {isa = PBXBuildFile; fileRef = 1DA4456D2927B2A5001E137C /* BookViewModel.swift */; };
		1DA68AA9293A149200154B91 /* IntroView.swift in Sources */ = {isa = PBXBuildFile; fileRef = 1DA68AA8293A149200154B91 /* IntroView.swift */; };
		1DB3725C293A3F1F00A47FA1 /* BooksView.swift in Sources */ = {isa = PBXBuildFile; fileRef = 1DB3725B293A3F1F00A47FA1 /* BooksView.swift */; };
		1DB3725E293A469500A47FA1 /* BookView.swift in Sources */ = {isa = PBXBuildFile; fileRef = 1DB3725D293A469500A47FA1 /* BookView.swift */; };
		1DB37260293A604E00A47FA1 /* LoginView.swift in Sources */ = {isa = PBXBuildFile; fileRef = 1DB3725F293A604E00A47FA1 /* LoginView.swift */; };
		1DB37262293A63A000A47FA1 /* RegisterView.swift in Sources */ = {isa = PBXBuildFile; fileRef = 1DB37261293A63A000A47FA1 /* RegisterView.swift */; };
		1DB3726C293A7E7200A47FA1 /* UIView+addUnderLine.swift in Sources */ = {isa = PBXBuildFile; fileRef = 1DB3726B293A7E7200A47FA1 /* UIView+addUnderLine.swift */; };
		1DB7864A2923A5A100DFF861 /* RegisterViewController.swift in Sources */ = {isa = PBXBuildFile; fileRef = 1DB786492923A5A100DFF861 /* RegisterViewController.swift */; };
		1DC7A9162940C6F700F78A17 /* FirebaseAuth in Frameworks */ = {isa = PBXBuildFile; productRef = 1DC7A9152940C6F700F78A17 /* FirebaseAuth */; };
		1DC7A91D2940C7CB00F78A17 /* ExtensionsTests.swift in Sources */ = {isa = PBXBuildFile; fileRef = 1DC7A91C2940C7CB00F78A17 /* ExtensionsTests.swift */; };
		1DDC411B293FBDD2005BD115 /* Create+Alert.swift in Sources */ = {isa = PBXBuildFile; fileRef = 1DDC411A293FBDD2005BD115 /* Create+Alert.swift */; };
		1DDC411D293FBDF4005BD115 /* Create.swift in Sources */ = {isa = PBXBuildFile; fileRef = 1DDC411C293FBDF4005BD115 /* Create.swift */; };
		1DDC4120293FC13B005BD115 /* UIAlertController+Hierarchy.swift in Sources */ = {isa = PBXBuildFile; fileRef = 1DDC411F293FC13B005BD115 /* UIAlertController+Hierarchy.swift */; };
		1DF1A50D293A2FCF00569FA5 /* BaseButton.swift in Sources */ = {isa = PBXBuildFile; fileRef = 1DF1A50C293A2FCF00569FA5 /* BaseButton.swift */; };
		1DF1A50F293A37B800569FA5 /* PickerView.swift in Sources */ = {isa = PBXBuildFile; fileRef = 1DF1A50E293A37B800569FA5 /* PickerView.swift */; };
		1DF21B0F291C194800A85B05 /* Network.swift in Sources */ = {isa = PBXBuildFile; fileRef = 1DF21B0E291C194800A85B05 /* Network.swift */; };
		1DF21B13291C196200A85B05 /* UIView+Hierarchy.swift in Sources */ = {isa = PBXBuildFile; fileRef = 1DF21B12291C196200A85B05 /* UIView+Hierarchy.swift */; };
		270A38012934E24D003855C3 /* FireBaseManager.swift in Sources */ = {isa = PBXBuildFile; fileRef = 270A38002934E24D003855C3 /* FireBaseManager.swift */; };
		270C5EA8292DD12A00F8DFDC /* BindingTextField.swift in Sources */ = {isa = PBXBuildFile; fileRef = 270C5EA7292DD12A00F8DFDC /* BindingTextField.swift */; };
		27172E5D293B9EFB0015CD09 /* ForgotPasswordViewController.swift in Sources */ = {isa = PBXBuildFile; fileRef = 27172E5C293B9EFB0015CD09 /* ForgotPasswordViewController.swift */; };
		274384A22937911A0079AE75 /* LoginViewModel.swift in Sources */ = {isa = PBXBuildFile; fileRef = 274384A12937911A0079AE75 /* LoginViewModel.swift */; };
		2754C9882933C5FD00B098E2 /* UITextfield+Border.swift in Sources */ = {isa = PBXBuildFile; fileRef = 2754C9872933C5FD00B098E2 /* UITextfield+Border.swift */; };
		27665C802927050A00F80344 /* UiStackView+VStack.swift in Sources */ = {isa = PBXBuildFile; fileRef = 27665C7F2927050A00F80344 /* UiStackView+VStack.swift */; };
		27665C822927055100F80344 /* UiStackView+HStack.swift in Sources */ = {isa = PBXBuildFile; fileRef = 27665C812927055100F80344 /* UiStackView+HStack.swift */; };
		27665C8429270AFD00F80344 /* UiView+ConstrainsFunc.swift in Sources */ = {isa = PBXBuildFile; fileRef = 27665C8329270AFD00F80344 /* UiView+ConstrainsFunc.swift */; };
		2770EA40291BEF4600760A35 /* AppDelegate.swift in Sources */ = {isa = PBXBuildFile; fileRef = 2770EA3F291BEF4600760A35 /* AppDelegate.swift */; };
		2770EA42291BEF4600760A35 /* SceneDelegate.swift in Sources */ = {isa = PBXBuildFile; fileRef = 2770EA41291BEF4600760A35 /* SceneDelegate.swift */; };
		2770EA44291BEF4600760A35 /* LoginViewController.swift in Sources */ = {isa = PBXBuildFile; fileRef = 2770EA43291BEF4600760A35 /* LoginViewController.swift */; };
		2770EA4A291BEF4600760A35 /* Straightening.xcdatamodeld in Sources */ = {isa = PBXBuildFile; fileRef = 2770EA48291BEF4600760A35 /* Straightening.xcdatamodeld */; };
		2770EA4C291BEF4700760A35 /* Assets.xcassets in Resources */ = {isa = PBXBuildFile; fileRef = 2770EA4B291BEF4700760A35 /* Assets.xcassets */; };
		2770EA4F291BEF4700760A35 /* LaunchScreen.storyboard in Resources */ = {isa = PBXBuildFile; fileRef = 2770EA4D291BEF4700760A35 /* LaunchScreen.storyboard */; };
		2770EA81291C1F7D00760A35 /* HomeViewController.swift in Sources */ = {isa = PBXBuildFile; fileRef = 2770EA80291C1F7D00760A35 /* HomeViewController.swift */; };
		2770EA83291C1FA100760A35 /* RegisterAdressViewController.swift in Sources */ = {isa = PBXBuildFile; fileRef = 2770EA82291C1FA100760A35 /* RegisterAdressViewController.swift */; };
		277CC216291D692500BA2BCC /* UIStackView+Hierarchy.swift in Sources */ = {isa = PBXBuildFile; fileRef = 277CC215291D692500BA2BCC /* UIStackView+Hierarchy.swift */; };
		277CC218291D69AB00BA2BCC /* Create+Labels.swift in Sources */ = {isa = PBXBuildFile; fileRef = 277CC217291D69AB00BA2BCC /* Create+Labels.swift */; };
		27955AC929254C4500B12FD3 /* IntroViewController.swift in Sources */ = {isa = PBXBuildFile; fileRef = 27955AC829254C4500B12FD3 /* IntroViewController.swift */; };
		279E055B292196DD00A6E008 /* PickerViewCustom.swift in Sources */ = {isa = PBXBuildFile; fileRef = 279E055A292196DD00A6E008 /* PickerViewCustom.swift */; };
		279E055D2921972500A6E008 /* UITextField+NoPaste.swift in Sources */ = {isa = PBXBuildFile; fileRef = 279E055C2921972500A6E008 /* UITextField+NoPaste.swift */; };
		279E055F2921975F00A6E008 /* CALayer+Underline.swift in Sources */ = {isa = PBXBuildFile; fileRef = 279E055E2921975F00A6E008 /* CALayer+Underline.swift */; };
		279F9301293AAD8000BAA93C /* LoginModel.swift in Sources */ = {isa = PBXBuildFile; fileRef = 279F9300293AAD8000BAA93C /* LoginModel.swift */; };
		279F9304293AAEB600BAA93C /* ForgotPasswordView.swift in Sources */ = {isa = PBXBuildFile; fileRef = 279F9303293AAEB600BAA93C /* ForgotPasswordView.swift */; };
		27C379FA2932666A00397E14 /* Verses.json in Resources */ = {isa = PBXBuildFile; fileRef = 27C379F92932666A00397E14 /* Verses.json */; };
		27C8BB6B292D1AC00067FE17 /* Regex+Cep.swift in Sources */ = {isa = PBXBuildFile; fileRef = 27C8BB6A292D1AC00067FE17 /* Regex+Cep.swift */; };
		27E3A6F529251E75007CDF8A /* UIView+HiddenKeyboard.swift in Sources */ = {isa = PBXBuildFile; fileRef = 27E3A6F429251E75007CDF8A /* UIView+HiddenKeyboard.swift */; };
		27E3A6FB2925263F007CDF8A /* BooksModel.swift in Sources */ = {isa = PBXBuildFile; fileRef = 27E3A6F72925263F007CDF8A /* BooksModel.swift */; };
		27E3A6FC2925263F007CDF8A /* BooksViewController.swift in Sources */ = {isa = PBXBuildFile; fileRef = 27E3A6F82925263F007CDF8A /* BooksViewController.swift */; };
		27E3A6FD2925263F007CDF8A /* BooksViewModel.swift in Sources */ = {isa = PBXBuildFile; fileRef = 27E3A6F92925263F007CDF8A /* BooksViewModel.swift */; };
		27E3A6FE2925263F007CDF8A /* BooksCollectionViewCell.swift in Sources */ = {isa = PBXBuildFile; fileRef = 27E3A6FA2925263F007CDF8A /* BooksCollectionViewCell.swift */; };
		27E712BA29266B2B00009AEF /* RegisterAdressViewModel.swift in Sources */ = {isa = PBXBuildFile; fileRef = 27E712B929266B2B00009AEF /* RegisterAdressViewModel.swift */; };
		27E7E0B2292F9CF700B7C546 /* DatePicker.swift in Sources */ = {isa = PBXBuildFile; fileRef = 27E7E0B1292F9CF700B7C546 /* DatePicker.swift */; };
		27EECF8D2935073600DBBEEA /* FirebaseAuth in Frameworks */ = {isa = PBXBuildFile; productRef = 27EECF8C2935073600DBBEEA /* FirebaseAuth */; };
		27EECF8F2935073600DBBEEA /* FirebaseFirestore in Frameworks */ = {isa = PBXBuildFile; productRef = 27EECF8E2935073600DBBEEA /* FirebaseFirestore */; };
		27EECF9229351A1600DBBEEA /* RegisterPasswordViewController.swift in Sources */ = {isa = PBXBuildFile; fileRef = 27EECF9129351A1600DBBEEA /* RegisterPasswordViewController.swift */; };
		27EECF9429351C7000DBBEEA /* RegisterViewModel.swift in Sources */ = {isa = PBXBuildFile; fileRef = 27EECF9329351C7000DBBEEA /* RegisterViewModel.swift */; };
		27EECF9629352F8800DBBEEA /* RegisterModel.swift in Sources */ = {isa = PBXBuildFile; fileRef = 27EECF9529352F8800DBBEEA /* RegisterModel.swift */; };
		27EECFA12935483600DBBEEA /* FormatMask.swift in Sources */ = {isa = PBXBuildFile; fileRef = 27EECFA02935483600DBBEEA /* FormatMask.swift */; };
		27F7863229364B6800796436 /* Regex+Email.swift in Sources */ = {isa = PBXBuildFile; fileRef = 27F7863129364B6800796436 /* Regex+Email.swift */; };
		27F7863429364BB800796436 /* Regex+Password.swift in Sources */ = {isa = PBXBuildFile; fileRef = 27F7863329364BB800796436 /* Regex+Password.swift */; };
/* End PBXBuildFile section */

/* Begin PBXContainerItemProxy section */
		1DC7A90F2940C48700F78A17 /* PBXContainerItemProxy */ = {
			isa = PBXContainerItemProxy;
			containerPortal = 2770EA34291BEF4600760A35 /* Project object */;
			proxyType = 1;
			remoteGlobalIDString = 2770EA3B291BEF4600760A35;
			remoteInfo = Straightening;
		};
/* End PBXContainerItemProxy section */

/* Begin PBXFileReference section */
		1D255F452937BE5A00074B58 /* Sumary.json */ = {isa = PBXFileReference; lastKnownFileType = text.json; path = Sumary.json; sourceTree = "<group>"; };
		1D2B1E432954C1080044587A /* UIImageImages.swift */ = {isa = PBXFileReference; lastKnownFileType = sourcecode.swift; path = UIImageImages.swift; sourceTree = "<group>"; };
		1D2B1E462954C22B0044587A /* UIFontFonts.swift */ = {isa = PBXFileReference; lastKnownFileType = sourcecode.swift; path = UIFontFonts.swift; sourceTree = "<group>"; };
		1D318B5B2949FBEE000C2853 /* ViewControllerRepresentable.swift */ = {isa = PBXFileReference; lastKnownFileType = sourcecode.swift; path = ViewControllerRepresentable.swift; sourceTree = "<group>"; };
		1D332CB129538BEC0080F61F /* UIColorColors.swift */ = {isa = PBXFileReference; lastKnownFileType = sourcecode.swift; path = UIColorColors.swift; sourceTree = "<group>"; };
		1D3E05D2291E81F6007F836C /* Create+Stacks.swift */ = {isa = PBXFileReference; lastKnownFileType = sourcecode.swift; path = "Create+Stacks.swift"; sourceTree = "<group>"; };
		1D3E05D4291E8207007F836C /* Create+TextFields.swift */ = {isa = PBXFileReference; lastKnownFileType = sourcecode.swift; path = "Create+TextFields.swift"; sourceTree = "<group>"; };
		1D503E00292FE14C00600B02 /* BooksCollectionView.swift */ = {isa = PBXFileReference; lastKnownFileType = sourcecode.swift; path = BooksCollectionView.swift; sourceTree = "<group>"; };
		1D53BA6229367478007D6802 /* CALayer+Hierarchy.swift */ = {isa = PBXFileReference; lastKnownFileType = sourcecode.swift; path = "CALayer+Hierarchy.swift"; sourceTree = "<group>"; };
		1D65ED9029294259008842F4 /* BookCollectionViewCell.swift */ = {isa = PBXFileReference; lastKnownFileType = sourcecode.swift; path = BookCollectionViewCell.swift; sourceTree = "<group>"; };
		1D695751292F963D008AE42D /* BookCollectionView.swift */ = {isa = PBXFileReference; lastKnownFileType = sourcecode.swift; path = BookCollectionView.swift; sourceTree = "<group>"; };
		1D695753292F9DC2008AE42D /* UIScrollView+Hierarchy.swift */ = {isa = PBXFileReference; lastKnownFileType = sourcecode.swift; path = "UIScrollView+Hierarchy.swift"; sourceTree = "<group>"; };
		1D71736029477200003C8791 /* Bible.json */ = {isa = PBXFileReference; fileEncoding = 4; lastKnownFileType = text.json; path = Bible.json; sourceTree = "<group>"; };
		1D77F9AB2927D3ED00EF0EFB /* CALayer+Gradient.swift */ = {isa = PBXFileReference; lastKnownFileType = sourcecode.swift; path = "CALayer+Gradient.swift"; sourceTree = "<group>"; };
		1D7A2DFC2926A2DA00F9907D /* BookViewController.swift */ = {isa = PBXFileReference; lastKnownFileType = sourcecode.swift; path = BookViewController.swift; sourceTree = "<group>"; };
		1D7A2DFE2926A5DA00F9907D /* Create+NavigationController.swift */ = {isa = PBXFileReference; lastKnownFileType = sourcecode.swift; path = "Create+NavigationController.swift"; sourceTree = "<group>"; };
		1D942CD8291D65B70018CC82 /* Create+Buttons.swift */ = {isa = PBXFileReference; lastKnownFileType = sourcecode.swift; path = "Create+Buttons.swift"; sourceTree = "<group>"; };
		1DA23364293E364F00865B0D /* GoogleService-Info.plist */ = {isa = PBXFileReference; fileEncoding = 4; lastKnownFileType = text.plist.xml; path = "GoogleService-Info.plist"; sourceTree = "<group>"; };
		1DA298C329229AEE0034770C /* RegisterNameViewController.swift */ = {isa = PBXFileReference; lastKnownFileType = sourcecode.swift; path = RegisterNameViewController.swift; sourceTree = "<group>"; };
		1DA298C72922A4D60034770C /* RegisterPhoneViewController.swift */ = {isa = PBXFileReference; lastKnownFileType = sourcecode.swift; path = RegisterPhoneViewController.swift; sourceTree = "<group>"; };
		1DA298C92922A4E80034770C /* RegisterEmailViewController.swift */ = {isa = PBXFileReference; lastKnownFileType = sourcecode.swift; path = RegisterEmailViewController.swift; sourceTree = "<group>"; };
		1DA298CB2922A4F70034770C /* RegisterMinisteryViewController.swift */ = {isa = PBXFileReference; lastKnownFileType = sourcecode.swift; path = RegisterMinisteryViewController.swift; sourceTree = "<group>"; };
		1DA298CD2922A50A0034770C /* RegisterBirthDateViewController.swift */ = {isa = PBXFileReference; lastKnownFileType = sourcecode.swift; path = RegisterBirthDateViewController.swift; sourceTree = "<group>"; };
		1DA298CF2922A5190034770C /* RegisterAvaibleTimeViewController.swift */ = {isa = PBXFileReference; lastKnownFileType = sourcecode.swift; path = RegisterAvaibleTimeViewController.swift; sourceTree = "<group>"; };
		1DA445692927A807001E137C /* UINavigationController+Navigate.swift */ = {isa = PBXFileReference; lastKnownFileType = sourcecode.swift; path = "UINavigationController+Navigate.swift"; sourceTree = "<group>"; };
		1DA4456B2927B029001E137C /* BookModel.swift */ = {isa = PBXFileReference; lastKnownFileType = sourcecode.swift; path = BookModel.swift; sourceTree = "<group>"; };
		1DA4456D2927B2A5001E137C /* BookViewModel.swift */ = {isa = PBXFileReference; lastKnownFileType = sourcecode.swift; path = BookViewModel.swift; sourceTree = "<group>"; };
		1DA68AA8293A149200154B91 /* IntroView.swift */ = {isa = PBXFileReference; lastKnownFileType = sourcecode.swift; path = IntroView.swift; sourceTree = "<group>"; };
		1DB3725B293A3F1F00A47FA1 /* BooksView.swift */ = {isa = PBXFileReference; lastKnownFileType = sourcecode.swift; path = BooksView.swift; sourceTree = "<group>"; };
		1DB3725D293A469500A47FA1 /* BookView.swift */ = {isa = PBXFileReference; lastKnownFileType = sourcecode.swift; path = BookView.swift; sourceTree = "<group>"; };
		1DB3725F293A604E00A47FA1 /* LoginView.swift */ = {isa = PBXFileReference; lastKnownFileType = sourcecode.swift; path = LoginView.swift; sourceTree = "<group>"; };
		1DB37261293A63A000A47FA1 /* RegisterView.swift */ = {isa = PBXFileReference; lastKnownFileType = sourcecode.swift; path = RegisterView.swift; sourceTree = "<group>"; };
		1DB3726B293A7E7200A47FA1 /* UIView+addUnderLine.swift */ = {isa = PBXFileReference; lastKnownFileType = sourcecode.swift; path = "UIView+addUnderLine.swift"; sourceTree = "<group>"; };
		1DB786492923A5A100DFF861 /* RegisterViewController.swift */ = {isa = PBXFileReference; lastKnownFileType = sourcecode.swift; path = RegisterViewController.swift; sourceTree = "<group>"; };
		1DC7A90B2940C48700F78A17 /* StraighteningTests.xctest */ = {isa = PBXFileReference; explicitFileType = wrapper.cfbundle; includeInIndex = 0; path = StraighteningTests.xctest; sourceTree = BUILT_PRODUCTS_DIR; };
		1DC7A91C2940C7CB00F78A17 /* ExtensionsTests.swift */ = {isa = PBXFileReference; lastKnownFileType = sourcecode.swift; name = ExtensionsTests.swift; path = Straightening/AppUtils/ExtensionsTests.swift; sourceTree = SOURCE_ROOT; };
		1DDC411A293FBDD2005BD115 /* Create+Alert.swift */ = {isa = PBXFileReference; lastKnownFileType = sourcecode.swift; path = "Create+Alert.swift"; sourceTree = "<group>"; };
		1DDC411C293FBDF4005BD115 /* Create.swift */ = {isa = PBXFileReference; lastKnownFileType = sourcecode.swift; path = Create.swift; sourceTree = "<group>"; };
		1DDC411F293FC13B005BD115 /* UIAlertController+Hierarchy.swift */ = {isa = PBXFileReference; lastKnownFileType = sourcecode.swift; path = "UIAlertController+Hierarchy.swift"; sourceTree = "<group>"; };
		1DF1A50C293A2FCF00569FA5 /* BaseButton.swift */ = {isa = PBXFileReference; lastKnownFileType = sourcecode.swift; path = BaseButton.swift; sourceTree = "<group>"; };
		1DF1A50E293A37B800569FA5 /* PickerView.swift */ = {isa = PBXFileReference; lastKnownFileType = sourcecode.swift; path = PickerView.swift; sourceTree = "<group>"; };
		1DF21B0E291C194800A85B05 /* Network.swift */ = {isa = PBXFileReference; lastKnownFileType = sourcecode.swift; path = Network.swift; sourceTree = "<group>"; };
		1DF21B12291C196200A85B05 /* UIView+Hierarchy.swift */ = {isa = PBXFileReference; lastKnownFileType = sourcecode.swift; path = "UIView+Hierarchy.swift"; sourceTree = "<group>"; };
		270A38002934E24D003855C3 /* FireBaseManager.swift */ = {isa = PBXFileReference; lastKnownFileType = sourcecode.swift; path = FireBaseManager.swift; sourceTree = "<group>"; };
		270C5EA7292DD12A00F8DFDC /* BindingTextField.swift */ = {isa = PBXFileReference; lastKnownFileType = sourcecode.swift; path = BindingTextField.swift; sourceTree = "<group>"; };
		27172E5C293B9EFB0015CD09 /* ForgotPasswordViewController.swift */ = {isa = PBXFileReference; lastKnownFileType = sourcecode.swift; path = ForgotPasswordViewController.swift; sourceTree = "<group>"; };
		274384A12937911A0079AE75 /* LoginViewModel.swift */ = {isa = PBXFileReference; lastKnownFileType = sourcecode.swift; path = LoginViewModel.swift; sourceTree = "<group>"; };
		2754C9872933C5FD00B098E2 /* UITextfield+Border.swift */ = {isa = PBXFileReference; lastKnownFileType = sourcecode.swift; path = "UITextfield+Border.swift"; sourceTree = "<group>"; };
		27665C7F2927050A00F80344 /* UiStackView+VStack.swift */ = {isa = PBXFileReference; lastKnownFileType = sourcecode.swift; path = "UiStackView+VStack.swift"; sourceTree = "<group>"; };
		27665C812927055100F80344 /* UiStackView+HStack.swift */ = {isa = PBXFileReference; lastKnownFileType = sourcecode.swift; path = "UiStackView+HStack.swift"; sourceTree = "<group>"; };
		27665C8329270AFD00F80344 /* UiView+ConstrainsFunc.swift */ = {isa = PBXFileReference; lastKnownFileType = sourcecode.swift; path = "UiView+ConstrainsFunc.swift"; sourceTree = "<group>"; };
		2770EA3C291BEF4600760A35 /* Straightening.app */ = {isa = PBXFileReference; explicitFileType = wrapper.application; includeInIndex = 0; path = Straightening.app; sourceTree = BUILT_PRODUCTS_DIR; };
		2770EA3F291BEF4600760A35 /* AppDelegate.swift */ = {isa = PBXFileReference; lastKnownFileType = sourcecode.swift; path = AppDelegate.swift; sourceTree = "<group>"; };
		2770EA41291BEF4600760A35 /* SceneDelegate.swift */ = {isa = PBXFileReference; lastKnownFileType = sourcecode.swift; path = SceneDelegate.swift; sourceTree = "<group>"; };
		2770EA43291BEF4600760A35 /* LoginViewController.swift */ = {isa = PBXFileReference; lastKnownFileType = sourcecode.swift; path = LoginViewController.swift; sourceTree = "<group>"; };
		2770EA49291BEF4600760A35 /* Straightening.xcdatamodel */ = {isa = PBXFileReference; lastKnownFileType = wrapper.xcdatamodel; path = Straightening.xcdatamodel; sourceTree = "<group>"; };
		2770EA4B291BEF4700760A35 /* Assets.xcassets */ = {isa = PBXFileReference; lastKnownFileType = folder.assetcatalog; path = Assets.xcassets; sourceTree = "<group>"; };
		2770EA4E291BEF4700760A35 /* Base */ = {isa = PBXFileReference; lastKnownFileType = file.storyboard; name = Base; path = Base.lproj/LaunchScreen.storyboard; sourceTree = "<group>"; };
		2770EA50291BEF4700760A35 /* Info.plist */ = {isa = PBXFileReference; lastKnownFileType = text.plist.xml; path = Info.plist; sourceTree = "<group>"; };
		2770EA80291C1F7D00760A35 /* HomeViewController.swift */ = {isa = PBXFileReference; lastKnownFileType = sourcecode.swift; path = HomeViewController.swift; sourceTree = "<group>"; };
		2770EA82291C1FA100760A35 /* RegisterAdressViewController.swift */ = {isa = PBXFileReference; lastKnownFileType = sourcecode.swift; path = RegisterAdressViewController.swift; sourceTree = "<group>"; };
		277CC215291D692500BA2BCC /* UIStackView+Hierarchy.swift */ = {isa = PBXFileReference; lastKnownFileType = sourcecode.swift; path = "UIStackView+Hierarchy.swift"; sourceTree = "<group>"; };
		277CC217291D69AB00BA2BCC /* Create+Labels.swift */ = {isa = PBXFileReference; lastKnownFileType = sourcecode.swift; path = "Create+Labels.swift"; sourceTree = "<group>"; };
		27955AC829254C4500B12FD3 /* IntroViewController.swift */ = {isa = PBXFileReference; lastKnownFileType = sourcecode.swift; path = IntroViewController.swift; sourceTree = "<group>"; };
		279E055A292196DD00A6E008 /* PickerViewCustom.swift */ = {isa = PBXFileReference; fileEncoding = 4; lastKnownFileType = sourcecode.swift; path = PickerViewCustom.swift; sourceTree = "<group>"; };
		279E055C2921972500A6E008 /* UITextField+NoPaste.swift */ = {isa = PBXFileReference; fileEncoding = 4; lastKnownFileType = sourcecode.swift; path = "UITextField+NoPaste.swift"; sourceTree = "<group>"; };
		279E055E2921975F00A6E008 /* CALayer+Underline.swift */ = {isa = PBXFileReference; fileEncoding = 4; lastKnownFileType = sourcecode.swift; path = "CALayer+Underline.swift"; sourceTree = "<group>"; };
		279F9300293AAD8000BAA93C /* LoginModel.swift */ = {isa = PBXFileReference; lastKnownFileType = sourcecode.swift; path = LoginModel.swift; sourceTree = "<group>"; };
		279F9303293AAEB600BAA93C /* ForgotPasswordView.swift */ = {isa = PBXFileReference; lastKnownFileType = sourcecode.swift; path = ForgotPasswordView.swift; sourceTree = "<group>"; };
		27C379F92932666A00397E14 /* Verses.json */ = {isa = PBXFileReference; lastKnownFileType = text.json; path = Verses.json; sourceTree = "<group>"; };
		27C8BB6A292D1AC00067FE17 /* Regex+Cep.swift */ = {isa = PBXFileReference; lastKnownFileType = sourcecode.swift; path = "Regex+Cep.swift"; sourceTree = "<group>"; };
		27E3A6F429251E75007CDF8A /* UIView+HiddenKeyboard.swift */ = {isa = PBXFileReference; lastKnownFileType = sourcecode.swift; path = "UIView+HiddenKeyboard.swift"; sourceTree = "<group>"; };
		27E3A6F72925263F007CDF8A /* BooksModel.swift */ = {isa = PBXFileReference; fileEncoding = 4; lastKnownFileType = sourcecode.swift; path = BooksModel.swift; sourceTree = "<group>"; };
		27E3A6F82925263F007CDF8A /* BooksViewController.swift */ = {isa = PBXFileReference; fileEncoding = 4; lastKnownFileType = sourcecode.swift; path = BooksViewController.swift; sourceTree = "<group>"; };
		27E3A6F92925263F007CDF8A /* BooksViewModel.swift */ = {isa = PBXFileReference; fileEncoding = 4; lastKnownFileType = sourcecode.swift; path = BooksViewModel.swift; sourceTree = "<group>"; };
		27E3A6FA2925263F007CDF8A /* BooksCollectionViewCell.swift */ = {isa = PBXFileReference; fileEncoding = 4; lastKnownFileType = sourcecode.swift; path = BooksCollectionViewCell.swift; sourceTree = "<group>"; };
		27E712B929266B2B00009AEF /* RegisterAdressViewModel.swift */ = {isa = PBXFileReference; lastKnownFileType = sourcecode.swift; path = RegisterAdressViewModel.swift; sourceTree = "<group>"; };
		27E7E0B1292F9CF700B7C546 /* DatePicker.swift */ = {isa = PBXFileReference; lastKnownFileType = sourcecode.swift; path = DatePicker.swift; sourceTree = "<group>"; };
		27EECF9129351A1600DBBEEA /* RegisterPasswordViewController.swift */ = {isa = PBXFileReference; lastKnownFileType = sourcecode.swift; path = RegisterPasswordViewController.swift; sourceTree = "<group>"; };
		27EECF9329351C7000DBBEEA /* RegisterViewModel.swift */ = {isa = PBXFileReference; lastKnownFileType = sourcecode.swift; path = RegisterViewModel.swift; sourceTree = "<group>"; };
		27EECF9529352F8800DBBEEA /* RegisterModel.swift */ = {isa = PBXFileReference; lastKnownFileType = sourcecode.swift; path = RegisterModel.swift; sourceTree = "<group>"; };
		27EECFA02935483600DBBEEA /* FormatMask.swift */ = {isa = PBXFileReference; lastKnownFileType = sourcecode.swift; path = FormatMask.swift; sourceTree = "<group>"; };
		27F7863129364B6800796436 /* Regex+Email.swift */ = {isa = PBXFileReference; lastKnownFileType = sourcecode.swift; path = "Regex+Email.swift"; sourceTree = "<group>"; };
		27F7863329364BB800796436 /* Regex+Password.swift */ = {isa = PBXFileReference; lastKnownFileType = sourcecode.swift; path = "Regex+Password.swift"; sourceTree = "<group>"; };
/* End PBXFileReference section */

/* Begin PBXFrameworksBuildPhase section */
		1DC7A9082940C48700F78A17 /* Frameworks */ = {
			isa = PBXFrameworksBuildPhase;
			buildActionMask = 2147483647;
			files = (
				1DC7A9162940C6F700F78A17 /* FirebaseAuth in Frameworks */,
			);
			runOnlyForDeploymentPostprocessing = 0;
		};
		2770EA39291BEF4600760A35 /* Frameworks */ = {
			isa = PBXFrameworksBuildPhase;
			buildActionMask = 2147483647;
			files = (
				27EECF8D2935073600DBBEEA /* FirebaseAuth in Frameworks */,
				27EECF8F2935073600DBBEEA /* FirebaseFirestore in Frameworks */,
			);
			runOnlyForDeploymentPostprocessing = 0;
		};
/* End PBXFrameworksBuildPhase section */

/* Begin PBXGroup section */
		1D2B1E422954C0F60044587A /* UIImage */ = {
			isa = PBXGroup;
			children = (
				1D2B1E432954C1080044587A /* UIImageImages.swift */,
			);
			path = UIImage;
			sourceTree = "<group>";
		};
		1D2B1E452954C2180044587A /* UIFont */ = {
			isa = PBXGroup;
			children = (
				1D2B1E462954C22B0044587A /* UIFontFonts.swift */,
			);
			path = UIFont;
			sourceTree = "<group>";
		};
		1D318B5A2949FBCB000C2853 /* SwiftUI */ = {
			isa = PBXGroup;
			children = (
				1D318B5B2949FBEE000C2853 /* ViewControllerRepresentable.swift */,
			);
			path = SwiftUI;
			sourceTree = "<group>";
		};
		1D332CB029538BD30080F61F /* UIColor */ = {
			isa = PBXGroup;
			children = (
				1D332CB129538BEC0080F61F /* UIColorColors.swift */,
			);
			path = UIColor;
			sourceTree = "<group>";
		};
		1D53BA6129367463007D6802 /* CALayer */ = {
			isa = PBXGroup;
			children = (
				1D53BA6229367478007D6802 /* CALayer+Hierarchy.swift */,
				279E055E2921975F00A6E008 /* CALayer+Underline.swift */,
				1D77F9AB2927D3ED00EF0EFB /* CALayer+Gradient.swift */,
			);
			path = CALayer;
			sourceTree = "<group>";
		};
		1D7A2DFB2926A2CC00F9907D /* Book */ = {
			isa = PBXGroup;
			children = (
				1D65ED9029294259008842F4 /* BookCollectionViewCell.swift */,
				1D695751292F963D008AE42D /* BookCollectionView.swift */,
				1DA4456D2927B2A5001E137C /* BookViewModel.swift */,
				1D7A2DFC2926A2DA00F9907D /* BookViewController.swift */,
				1DB3725D293A469500A47FA1 /* BookView.swift */,
				1DA4456B2927B029001E137C /* BookModel.swift */,
			);
			path = Book;
			sourceTree = "<group>";
		};
		1D942CD4291D65800018CC82 /* Create */ = {
			isa = PBXGroup;
			children = (
				1DDC411A293FBDD2005BD115 /* Create+Alert.swift */,
				1D942CD8291D65B70018CC82 /* Create+Buttons.swift */,
				277CC217291D69AB00BA2BCC /* Create+Labels.swift */,
				1D3E05D2291E81F6007F836C /* Create+Stacks.swift */,
				1D3E05D4291E8207007F836C /* Create+TextFields.swift */,
				1D7A2DFE2926A5DA00F9907D /* Create+NavigationController.swift */,
				1DDC411C293FBDF4005BD115 /* Create.swift */,
			);
			path = Create;
			sourceTree = "<group>";
		};
		1DB37263293A716500A47FA1 /* Name */ = {
			isa = PBXGroup;
			children = (
				1DA298C329229AEE0034770C /* RegisterNameViewController.swift */,
			);
			path = Name;
			sourceTree = "<group>";
		};
		1DB37264293A719500A47FA1 /* Phone */ = {
			isa = PBXGroup;
			children = (
				1DA298C72922A4D60034770C /* RegisterPhoneViewController.swift */,
			);
			path = Phone;
			sourceTree = "<group>";
		};
		1DB37265293A719B00A47FA1 /* Email */ = {
			isa = PBXGroup;
			children = (
				1DA298C92922A4E80034770C /* RegisterEmailViewController.swift */,
			);
			path = Email;
			sourceTree = "<group>";
		};
		1DB37266293A71A000A47FA1 /* Password */ = {
			isa = PBXGroup;
			children = (
				27EECF9129351A1600DBBEEA /* RegisterPasswordViewController.swift */,
			);
			path = Password;
			sourceTree = "<group>";
		};
		1DB37267293A71BC00A47FA1 /* BirthDate */ = {
			isa = PBXGroup;
			children = (
				1DA298CD2922A50A0034770C /* RegisterBirthDateViewController.swift */,
			);
			path = BirthDate;
			sourceTree = "<group>";
		};
		1DB37268293A71C400A47FA1 /* Ministery */ = {
			isa = PBXGroup;
			children = (
				1DA298CB2922A4F70034770C /* RegisterMinisteryViewController.swift */,
			);
			path = Ministery;
			sourceTree = "<group>";
		};
		1DB37269293A71C900A47FA1 /* AvaibleTime */ = {
			isa = PBXGroup;
			children = (
				1DA298CF2922A5190034770C /* RegisterAvaibleTimeViewController.swift */,
			);
			path = AvaibleTime;
			sourceTree = "<group>";
		};
		1DB3726A293A71D300A47FA1 /* Address */ = {
			isa = PBXGroup;
			children = (
				27E712B929266B2B00009AEF /* RegisterAdressViewModel.swift */,
				2770EA82291C1FA100760A35 /* RegisterAdressViewController.swift */,
			);
			path = Address;
			sourceTree = "<group>";
		};
		1DC7A90C2940C48700F78A17 /* StraighteningTests */ = {
			isa = PBXGroup;
			children = (
				1DC7A9172940C78F00F78A17 /* AppUtils */,
			);
			path = StraighteningTests;
			sourceTree = "<group>";
		};
		1DC7A9142940C6F700F78A17 /* Frameworks */ = {
			isa = PBXGroup;
			children = (
			);
			name = Frameworks;
			sourceTree = "<group>";
		};
		1DC7A9172940C78F00F78A17 /* AppUtils */ = {
			isa = PBXGroup;
			children = (
				1DC7A9182940C79900F78A17 /* Extensions */,
			);
			path = AppUtils;
			sourceTree = "<group>";
		};
		1DC7A9182940C79900F78A17 /* Extensions */ = {
			isa = PBXGroup;
			children = (
				1DC7A91C2940C7CB00F78A17 /* ExtensionsTests.swift */,
			);
			path = Extensions;
			sourceTree = "<group>";
		};
		1DDA2D922938CE7E001FD29D /* Books */ = {
			isa = PBXGroup;
			children = (
				27C379F92932666A00397E14 /* Verses.json */,
				1D255F452937BE5A00074B58 /* Sumary.json */,
				1D71736029477200003C8791 /* Bible.json */,
			);
			path = Books;
			sourceTree = "<group>";
		};
		1DDC411E293FC118005BD115 /* UIAlertController */ = {
			isa = PBXGroup;
			children = (
				1DDC411F293FC13B005BD115 /* UIAlertController+Hierarchy.swift */,
			);
			path = UIAlertController;
			sourceTree = "<group>";
		};
		1DF21B0B291C18E500A85B05 /* AppUtils */ = {
			isa = PBXGroup;
			children = (
				1D318B5A2949FBCB000C2853 /* SwiftUI */,
				1DDA2D922938CE7E001FD29D /* Books */,
				27C379FD29329CEE00397E14 /* Methods */,
				2728114B292E4E1600D3B9C8 /* Objects */,
				1D942CD4291D65800018CC82 /* Create */,
				1DF21B11291C195200A85B05 /* Network */,
				1DF21B10291C194C00A85B05 /* Extensions */,
			);
			path = AppUtils;
			sourceTree = "<group>";
		};
		1DF21B0C291C18ED00A85B05 /* AppDelegate */ = {
			isa = PBXGroup;
			children = (
				2770EA3F291BEF4600760A35 /* AppDelegate.swift */,
				2770EA41291BEF4600760A35 /* SceneDelegate.swift */,
			);
			path = AppDelegate;
			sourceTree = "<group>";
		};
		1DF21B0D291C18F200A85B05 /* AppFront */ = {
			isa = PBXGroup;
			children = (
				27955AC729254C3200B12FD3 /* Intro */,
			);
			path = AppFront;
			sourceTree = "<group>";
		};
		1DF21B10291C194C00A85B05 /* Extensions */ = {
			isa = PBXGroup;
			children = (
				1D2B1E452954C2180044587A /* UIFont */,
				1D2B1E422954C0F60044587A /* UIImage */,
				1D332CB029538BD30080F61F /* UIColor */,
				1DDC411E293FC118005BD115 /* UIAlertController */,
				1D53BA6129367463007D6802 /* CALayer */,
				27EECF9F2935482000DBBEEA /* String */,
				27EECF9C2935407000DBBEEA /* UiNavigationController */,
				27EECF9B29353F9D00DBBEEA /* UiScrollView */,
				27EECF9A29353F6700DBBEEA /* UiStackView */,
				27EECF9829353F1C00DBBEEA /* UiTextField */,
				27EECF9729353EE700DBBEEA /* UiView */,
			);
			path = Extensions;
			sourceTree = "<group>";
		};
		1DF21B11291C195200A85B05 /* Network */ = {
			isa = PBXGroup;
			children = (
				1DF21B0E291C194800A85B05 /* Network.swift */,
			);
			path = Network;
			sourceTree = "<group>";
		};
		27172E5B293B9ECF0015CD09 /* ForgotPassword */ = {
			isa = PBXGroup;
			children = (
				279F9303293AAEB600BAA93C /* ForgotPasswordView.swift */,
				27172E5C293B9EFB0015CD09 /* ForgotPasswordViewController.swift */,
			);
			path = ForgotPassword;
			sourceTree = "<group>";
		};
		2728114B292E4E1600D3B9C8 /* Objects */ = {
			isa = PBXGroup;
			children = (
				270C5EA7292DD12A00F8DFDC /* BindingTextField.swift */,
				279E055A292196DD00A6E008 /* PickerViewCustom.swift */,
				27E7E0B1292F9CF700B7C546 /* DatePicker.swift */,
				1DF1A50E293A37B800569FA5 /* PickerView.swift */,
				1DF1A50C293A2FCF00569FA5 /* BaseButton.swift */,
			);
			path = Objects;
			sourceTree = "<group>";
		};
		2770EA33291BEF4600760A35 = {
			isa = PBXGroup;
			children = (
				2770EA3E291BEF4600760A35 /* Straightening */,
				1DC7A90C2940C48700F78A17 /* StraighteningTests */,
				2770EA3D291BEF4600760A35 /* Products */,
				1DC7A9142940C6F700F78A17 /* Frameworks */,
			);
			sourceTree = "<group>";
		};
		2770EA3D291BEF4600760A35 /* Products */ = {
			isa = PBXGroup;
			children = (
				2770EA3C291BEF4600760A35 /* Straightening.app */,
				1DC7A90B2940C48700F78A17 /* StraighteningTests.xctest */,
			);
			name = Products;
			sourceTree = "<group>";
		};
		2770EA3E291BEF4600760A35 /* Straightening */ = {
			isa = PBXGroup;
			children = (
				1DF21B0D291C18F200A85B05 /* AppFront */,
				1DF21B0C291C18ED00A85B05 /* AppDelegate */,
				1DF21B0B291C18E500A85B05 /* AppUtils */,
				2770EA4B291BEF4700760A35 /* Assets.xcassets */,
				1DA23364293E364F00865B0D /* GoogleService-Info.plist */,
				2770EA4D291BEF4700760A35 /* LaunchScreen.storyboard */,
				2770EA50291BEF4700760A35 /* Info.plist */,
				2770EA48291BEF4600760A35 /* Straightening.xcdatamodeld */,
			);
			path = Straightening;
			sourceTree = "<group>";
		};
		2770EA7C291C1F4000760A35 /* Home */ = {
			isa = PBXGroup;
			children = (
				2770EA80291C1F7D00760A35 /* HomeViewController.swift */,
			);
			path = Home;
			sourceTree = "<group>";
		};
		2770EA7F291C1F5C00760A35 /* Login */ = {
			isa = PBXGroup;
			children = (
				27714F2F29437C87004554B8 /* LoginMain */,
				27172E5B293B9ECF0015CD09 /* ForgotPassword */,
				27E712B829266AF600009AEF /* Register */,
				2770EA7C291C1F4000760A35 /* Home */,
			);
			path = Login;
			sourceTree = "<group>";
		};
		27714F2D29437B10004554B8 /* IntroMain */ = {
			isa = PBXGroup;
			children = (
				27955AC829254C4500B12FD3 /* IntroViewController.swift */,
				1DA68AA8293A149200154B91 /* IntroView.swift */,
			);
			path = IntroMain;
			sourceTree = "<group>";
		};
		27714F2E29437B72004554B8 /* BibleMain */ = {
			isa = PBXGroup;
			children = (
				27E3A6FA2925263F007CDF8A /* BooksCollectionViewCell.swift */,
				1D503E00292FE14C00600B02 /* BooksCollectionView.swift */,
				27E3A6F92925263F007CDF8A /* BooksViewModel.swift */,
				1DB3725B293A3F1F00A47FA1 /* BooksView.swift */,
				27E3A6F82925263F007CDF8A /* BooksViewController.swift */,
				27E3A6F72925263F007CDF8A /* BooksModel.swift */,
			);
			path = BibleMain;
			sourceTree = "<group>";
		};
		27714F2F29437C87004554B8 /* LoginMain */ = {
			isa = PBXGroup;
			children = (
				2770EA43291BEF4600760A35 /* LoginViewController.swift */,
				1DB3725F293A604E00A47FA1 /* LoginView.swift */,
				274384A12937911A0079AE75 /* LoginViewModel.swift */,
				279F9300293AAD8000BAA93C /* LoginModel.swift */,
			);
			path = LoginMain;
			sourceTree = "<group>";
		};
		27955AC729254C3200B12FD3 /* Intro */ = {
			isa = PBXGroup;
			children = (
				27714F2D29437B10004554B8 /* IntroMain */,
				27E3A6F62925263F007CDF8A /* Bible */,
				2770EA7F291C1F5C00760A35 /* Login */,
			);
			path = Intro;
			sourceTree = "<group>";
		};
		279F92FF293AAA5300BAA93C /* RegisterMain */ = {
			isa = PBXGroup;
			children = (
				1DB37261293A63A000A47FA1 /* RegisterView.swift */,
				1DB786492923A5A100DFF861 /* RegisterViewController.swift */,
				27EECF9329351C7000DBBEEA /* RegisterViewModel.swift */,
				27EECF9529352F8800DBBEEA /* RegisterModel.swift */,
			);
			path = RegisterMain;
			sourceTree = "<group>";
		};
		27C379FD29329CEE00397E14 /* Methods */ = {
			isa = PBXGroup;
			children = (
				27EECF902935183400DBBEEA /* FireBase */,
			);
			path = Methods;
			sourceTree = "<group>";
		};
		27E3A6F62925263F007CDF8A /* Bible */ = {
			isa = PBXGroup;
			children = (
				27714F2E29437B72004554B8 /* BibleMain */,
				1D7A2DFB2926A2CC00F9907D /* Book */,
			);
			path = Bible;
			sourceTree = "<group>";
		};
		27E712B829266AF600009AEF /* Register */ = {
			isa = PBXGroup;
			children = (
				279F92FF293AAA5300BAA93C /* RegisterMain */,
				1DB3726A293A71D300A47FA1 /* Address */,
				1DB37268293A71C400A47FA1 /* Ministery */,
				1DB37269293A71C900A47FA1 /* AvaibleTime */,
				1DB37267293A71BC00A47FA1 /* BirthDate */,
				1DB37266293A71A000A47FA1 /* Password */,
				1DB37265293A719B00A47FA1 /* Email */,
				1DB37264293A719500A47FA1 /* Phone */,
				1DB37263293A716500A47FA1 /* Name */,
			);
			path = Register;
			sourceTree = "<group>";
		};
		27EECF902935183400DBBEEA /* FireBase */ = {
			isa = PBXGroup;
			children = (
				270A38002934E24D003855C3 /* FireBaseManager.swift */,
			);
			path = FireBase;
			sourceTree = "<group>";
		};
		27EECF9729353EE700DBBEEA /* UiView */ = {
			isa = PBXGroup;
			children = (
				1DF21B12291C196200A85B05 /* UIView+Hierarchy.swift */,
				27E3A6F429251E75007CDF8A /* UIView+HiddenKeyboard.swift */,
				27665C8329270AFD00F80344 /* UiView+ConstrainsFunc.swift */,
				1DB3726B293A7E7200A47FA1 /* UIView+addUnderLine.swift */,
			);
			path = UiView;
			sourceTree = "<group>";
		};
		27EECF9829353F1C00DBBEEA /* UiTextField */ = {
			isa = PBXGroup;
			children = (
				27F7863329364BB800796436 /* Regex+Password.swift */,
				279E055C2921972500A6E008 /* UITextField+NoPaste.swift */,
				2754C9872933C5FD00B098E2 /* UITextfield+Border.swift */,
			);
			path = UiTextField;
			sourceTree = "<group>";
		};
		27EECF9A29353F6700DBBEEA /* UiStackView */ = {
			isa = PBXGroup;
			children = (
				277CC215291D692500BA2BCC /* UIStackView+Hierarchy.swift */,
				27665C812927055100F80344 /* UiStackView+HStack.swift */,
				27665C7F2927050A00F80344 /* UiStackView+VStack.swift */,
			);
			path = UiStackView;
			sourceTree = "<group>";
		};
		27EECF9B29353F9D00DBBEEA /* UiScrollView */ = {
			isa = PBXGroup;
			children = (
				1D695753292F9DC2008AE42D /* UIScrollView+Hierarchy.swift */,
			);
			path = UiScrollView;
			sourceTree = "<group>";
		};
		27EECF9C2935407000DBBEEA /* UiNavigationController */ = {
			isa = PBXGroup;
			children = (
				1DA445692927A807001E137C /* UINavigationController+Navigate.swift */,
			);
			path = UiNavigationController;
			sourceTree = "<group>";
		};
		27EECF9F2935482000DBBEEA /* String */ = {
			isa = PBXGroup;
			children = (
				27EECFA02935483600DBBEEA /* FormatMask.swift */,
				27C8BB6A292D1AC00067FE17 /* Regex+Cep.swift */,
				27F7863129364B6800796436 /* Regex+Email.swift */,
			);
			path = String;
			sourceTree = "<group>";
		};
/* End PBXGroup section */

/* Begin PBXNativeTarget section */
		1DC7A90A2940C48700F78A17 /* StraighteningTests */ = {
			isa = PBXNativeTarget;
			buildConfigurationList = 1DC7A9112940C48700F78A17 /* Build configuration list for PBXNativeTarget "StraighteningTests" */;
			buildPhases = (
				1DC7A9072940C48700F78A17 /* Sources */,
				1DC7A9082940C48700F78A17 /* Frameworks */,
				1DC7A9092940C48700F78A17 /* Resources */,
			);
			buildRules = (
			);
			dependencies = (
				1DC7A9102940C48700F78A17 /* PBXTargetDependency */,
			);
			name = StraighteningTests;
			packageProductDependencies = (
				1DC7A9152940C6F700F78A17 /* FirebaseAuth */,
			);
			productName = StraighteningTests;
			productReference = 1DC7A90B2940C48700F78A17 /* StraighteningTests.xctest */;
			productType = "com.apple.product-type.bundle.unit-test";
		};
		2770EA3B291BEF4600760A35 /* Straightening */ = {
			isa = PBXNativeTarget;
			buildConfigurationList = 2770EA69291BEF4700760A35 /* Build configuration list for PBXNativeTarget "Straightening" */;
			buildPhases = (
				2770EA38291BEF4600760A35 /* Sources */,
				2770EA39291BEF4600760A35 /* Frameworks */,
				2770EA3A291BEF4600760A35 /* Resources */,
				1DA3BBEA291D2F5200D36FC1 /* ShellScript */,
			);
			buildRules = (
			);
			dependencies = (
			);
			name = Straightening;
			packageProductDependencies = (
				27EECF8C2935073600DBBEEA /* FirebaseAuth */,
				27EECF8E2935073600DBBEEA /* FirebaseFirestore */,
			);
			productName = Straightening;
			productReference = 2770EA3C291BEF4600760A35 /* Straightening.app */;
			productType = "com.apple.product-type.application";
		};
/* End PBXNativeTarget section */

/* Begin PBXProject section */
		2770EA34291BEF4600760A35 /* Project object */ = {
			isa = PBXProject;
			attributes = {
				BuildIndependentTargetsInParallel = 1;
				LastSwiftUpdateCheck = 1410;
				LastUpgradeCheck = 1410;
				TargetAttributes = {
					1DC7A90A2940C48700F78A17 = {
						CreatedOnToolsVersion = 14.1;
						TestTargetID = 2770EA3B291BEF4600760A35;
					};
					2770EA3B291BEF4600760A35 = {
						CreatedOnToolsVersion = 14.1;
					};
				};
			};
			buildConfigurationList = 2770EA37291BEF4600760A35 /* Build configuration list for PBXProject "Straightening" */;
			compatibilityVersion = "Xcode 14.0";
			developmentRegion = en;
			hasScannedForEncodings = 0;
			knownRegions = (
				en,
				Base,
			);
			mainGroup = 2770EA33291BEF4600760A35;
			packageReferences = (
				27EECF8B2935073600DBBEEA /* XCRemoteSwiftPackageReference "firebase-ios-sdk" */,
			);
			productRefGroup = 2770EA3D291BEF4600760A35 /* Products */;
			projectDirPath = "";
			projectRoot = "";
			targets = (
				2770EA3B291BEF4600760A35 /* Straightening */,
				1DC7A90A2940C48700F78A17 /* StraighteningTests */,
			);
		};
/* End PBXProject section */

/* Begin PBXResourcesBuildPhase section */
		1DC7A9092940C48700F78A17 /* Resources */ = {
			isa = PBXResourcesBuildPhase;
			buildActionMask = 2147483647;
			files = (
			);
			runOnlyForDeploymentPostprocessing = 0;
		};
		2770EA3A291BEF4600760A35 /* Resources */ = {
			isa = PBXResourcesBuildPhase;
			buildActionMask = 2147483647;
			files = (
				2770EA4F291BEF4700760A35 /* LaunchScreen.storyboard in Resources */,
				27C379FA2932666A00397E14 /* Verses.json in Resources */,
				2770EA4C291BEF4700760A35 /* Assets.xcassets in Resources */,
				1D255F462937BE5A00074B58 /* Sumary.json in Resources */,
				1D71736129477200003C8791 /* Bible.json in Resources */,
				1DA23365293E364F00865B0D /* GoogleService-Info.plist in Resources */,
			);
			runOnlyForDeploymentPostprocessing = 0;
		};
/* End PBXResourcesBuildPhase section */

/* Begin PBXShellScriptBuildPhase section */
		1DA3BBEA291D2F5200D36FC1 /* ShellScript */ = {
			isa = PBXShellScriptBuildPhase;
			buildActionMask = 2147483647;
			files = (
			);
			inputFileListPaths = (
			);
			inputPaths = (
			);
			outputFileListPaths = (
			);
			outputPaths = (
			);
			runOnlyForDeploymentPostprocessing = 0;
			shellPath = /bin/sh;
			shellScript = "export PATH=\"$PATH:/opt/homebrew/bin\"\nif which swiftlint > /dev/null; then\n  swiftlint\nelse\n  echo \"warning: SwiftLint not installed, download from https://github.com/realm/SwiftLint\"\nfi\n";
		};
/* End PBXShellScriptBuildPhase section */

/* Begin PBXSourcesBuildPhase section */
		1DC7A9072940C48700F78A17 /* Sources */ = {
			isa = PBXSourcesBuildPhase;
			buildActionMask = 2147483647;
			files = (
				1DC7A91D2940C7CB00F78A17 /* ExtensionsTests.swift in Sources */,
			);
			runOnlyForDeploymentPostprocessing = 0;
		};
		2770EA38291BEF4600760A35 /* Sources */ = {
			isa = PBXSourcesBuildPhase;
			buildActionMask = 2147483647;
			files = (
				1DA298CC2922A4F70034770C /* RegisterMinisteryViewController.swift in Sources */,
				27E7E0B2292F9CF700B7C546 /* DatePicker.swift in Sources */,
				277CC218291D69AB00BA2BCC /* Create+Labels.swift in Sources */,
				279E055F2921975F00A6E008 /* CALayer+Underline.swift in Sources */,
				1D65ED9129294259008842F4 /* BookCollectionViewCell.swift in Sources */,
				27EECF9629352F8800DBBEEA /* RegisterModel.swift in Sources */,
				1DF21B0F291C194800A85B05 /* Network.swift in Sources */,
				274384A22937911A0079AE75 /* LoginViewModel.swift in Sources */,
				1DA4456C2927B029001E137C /* BookModel.swift in Sources */,
				2770EA44291BEF4600760A35 /* LoginViewController.swift in Sources */,
				279E055D2921972500A6E008 /* UITextField+NoPaste.swift in Sources */,
				2770EA4A291BEF4600760A35 /* Straightening.xcdatamodeld in Sources */,
				1DA298CA2922A4E80034770C /* RegisterEmailViewController.swift in Sources */,
				1DA298C429229AEE0034770C /* RegisterNameViewController.swift in Sources */,
				1DA298CE2922A50A0034770C /* RegisterBirthDateViewController.swift in Sources */,
				1DA298D02922A5190034770C /* RegisterAvaibleTimeViewController.swift in Sources */,
				27665C802927050A00F80344 /* UiStackView+VStack.swift in Sources */,
				2754C9882933C5FD00B098E2 /* UITextfield+Border.swift in Sources */,
				2770EA40291BEF4600760A35 /* AppDelegate.swift in Sources */,
				1DDC411D293FBDF4005BD115 /* Create.swift in Sources */,
				27E3A6FB2925263F007CDF8A /* BooksModel.swift in Sources */,
				1D318B5C2949FBEE000C2853 /* ViewControllerRepresentable.swift in Sources */,
				27665C8429270AFD00F80344 /* UiView+ConstrainsFunc.swift in Sources */,
				1DB3726C293A7E7200A47FA1 /* UIView+addUnderLine.swift in Sources */,
				1DA68AA9293A149200154B91 /* IntroView.swift in Sources */,
				1D2B1E442954C1080044587A /* UIImageImages.swift in Sources */,
				27E3A6FC2925263F007CDF8A /* BooksViewController.swift in Sources */,
				279F9304293AAEB600BAA93C /* ForgotPasswordView.swift in Sources */,
				279F9301293AAD8000BAA93C /* LoginModel.swift in Sources */,
				27EECF9229351A1600DBBEEA /* RegisterPasswordViewController.swift in Sources */,
				27EECFA12935483600DBBEEA /* FormatMask.swift in Sources */,
				1DF21B13291C196200A85B05 /* UIView+Hierarchy.swift in Sources */,
				27172E5D293B9EFB0015CD09 /* ForgotPasswordViewController.swift in Sources */,
				27E3A6FE2925263F007CDF8A /* BooksCollectionViewCell.swift in Sources */,
				2770EA81291C1F7D00760A35 /* HomeViewController.swift in Sources */,
				2770EA83291C1FA100760A35 /* RegisterAdressViewController.swift in Sources */,
				1DA298C82922A4D60034770C /* RegisterPhoneViewController.swift in Sources */,
				1D332CB229538BEC0080F61F /* UIColorColors.swift in Sources */,
				1D695754292F9DC2008AE42D /* UIScrollView+Hierarchy.swift in Sources */,
				27C8BB6B292D1AC00067FE17 /* Regex+Cep.swift in Sources */,
				279E055B292196DD00A6E008 /* PickerViewCustom.swift in Sources */,
				1DB3725C293A3F1F00A47FA1 /* BooksView.swift in Sources */,
				27F7863229364B6800796436 /* Regex+Email.swift in Sources */,
				1DDC4120293FC13B005BD115 /* UIAlertController+Hierarchy.swift in Sources */,
				277CC216291D692500BA2BCC /* UIStackView+Hierarchy.swift in Sources */,
				1D53BA6329367478007D6802 /* CALayer+Hierarchy.swift in Sources */,
				2770EA42291BEF4600760A35 /* SceneDelegate.swift in Sources */,
				1DA4456A2927A807001E137C /* UINavigationController+Navigate.swift in Sources */,
				1D3E05D3291E81F6007F836C /* Create+Stacks.swift in Sources */,
				1DB37262293A63A000A47FA1 /* RegisterView.swift in Sources */,
				1D3E05D5291E8207007F836C /* Create+TextFields.swift in Sources */,
				270A38012934E24D003855C3 /* FireBaseManager.swift in Sources */,
				27F7863429364BB800796436 /* Regex+Password.swift in Sources */,
				1D2B1E472954C22B0044587A /* UIFontFonts.swift in Sources */,
				27665C822927055100F80344 /* UiStackView+HStack.swift in Sources */,
				1D77F9AC2927D3ED00EF0EFB /* CALayer+Gradient.swift in Sources */,
				1DF1A50D293A2FCF00569FA5 /* BaseButton.swift in Sources */,
				27E712BA29266B2B00009AEF /* RegisterAdressViewModel.swift in Sources */,
				27955AC929254C4500B12FD3 /* IntroViewController.swift in Sources */,
				27EECF9429351C7000DBBEEA /* RegisterViewModel.swift in Sources */,
				1D942CD9291D65B70018CC82 /* Create+Buttons.swift in Sources */,
				1DB7864A2923A5A100DFF861 /* RegisterViewController.swift in Sources */,
				1D503E01292FE14C00600B02 /* BooksCollectionView.swift in Sources */,
				1DB3725E293A469500A47FA1 /* BookView.swift in Sources */,
				1D7A2DFD2926A2DA00F9907D /* BookViewController.swift in Sources */,
				27E3A6FD2925263F007CDF8A /* BooksViewModel.swift in Sources */,
				1DDC411B293FBDD2005BD115 /* Create+Alert.swift in Sources */,
				27E3A6F529251E75007CDF8A /* UIView+HiddenKeyboard.swift in Sources */,
				1D7A2DFF2926A5DA00F9907D /* Create+NavigationController.swift in Sources */,
				270C5EA8292DD12A00F8DFDC /* BindingTextField.swift in Sources */,
				1DF1A50F293A37B800569FA5 /* PickerView.swift in Sources */,
				1D695752292F963D008AE42D /* BookCollectionView.swift in Sources */,
				1DB37260293A604E00A47FA1 /* LoginView.swift in Sources */,
				1DA4456E2927B2A5001E137C /* BookViewModel.swift in Sources */,
			);
			runOnlyForDeploymentPostprocessing = 0;
		};
/* End PBXSourcesBuildPhase section */

/* Begin PBXTargetDependency section */
		1DC7A9102940C48700F78A17 /* PBXTargetDependency */ = {
			isa = PBXTargetDependency;
			target = 2770EA3B291BEF4600760A35 /* Straightening */;
			targetProxy = 1DC7A90F2940C48700F78A17 /* PBXContainerItemProxy */;
		};
/* End PBXTargetDependency section */

/* Begin PBXVariantGroup section */
		2770EA4D291BEF4700760A35 /* LaunchScreen.storyboard */ = {
			isa = PBXVariantGroup;
			children = (
				2770EA4E291BEF4700760A35 /* Base */,
			);
			name = LaunchScreen.storyboard;
			sourceTree = "<group>";
		};
/* End PBXVariantGroup section */

/* Begin XCBuildConfiguration section */
		1DC7A9122940C48700F78A17 /* Debug */ = {
			isa = XCBuildConfiguration;
			buildSettings = {
				BUNDLE_LOADER = "$(TEST_HOST)";
				CODE_SIGN_STYLE = Automatic;
				CURRENT_PROJECT_VERSION = 1;
				GENERATE_INFOPLIST_FILE = YES;
				IPHONEOS_DEPLOYMENT_TARGET = 16.1;
				MARKETING_VERSION = 1.0;
				PRODUCT_BUNDLE_IDENTIFIER = "-sys.StraighteningTests";
				PRODUCT_NAME = "$(TARGET_NAME)";
				SUPPORTED_PLATFORMS = "iphoneos iphonesimulator";
				SUPPORTS_MACCATALYST = NO;
				SUPPORTS_MAC_DESIGNED_FOR_IPHONE_IPAD = NO;
				SWIFT_EMIT_LOC_STRINGS = NO;
				SWIFT_VERSION = 5.0;
				TARGETED_DEVICE_FAMILY = "1,2";
				TEST_HOST = "$(BUILT_PRODUCTS_DIR)/Straightening.app/$(BUNDLE_EXECUTABLE_FOLDER_PATH)/Straightening";
			};
			name = Debug;
		};
		1DC7A9132940C48700F78A17 /* Release */ = {
			isa = XCBuildConfiguration;
			buildSettings = {
				BUNDLE_LOADER = "$(TEST_HOST)";
				CODE_SIGN_STYLE = Automatic;
				CURRENT_PROJECT_VERSION = 1;
				GENERATE_INFOPLIST_FILE = YES;
				IPHONEOS_DEPLOYMENT_TARGET = 16.1;
				MARKETING_VERSION = 1.0;
				PRODUCT_BUNDLE_IDENTIFIER = "-sys.StraighteningTests";
				PRODUCT_NAME = "$(TARGET_NAME)";
				SUPPORTED_PLATFORMS = "iphoneos iphonesimulator";
				SUPPORTS_MACCATALYST = NO;
				SUPPORTS_MAC_DESIGNED_FOR_IPHONE_IPAD = NO;
				SWIFT_EMIT_LOC_STRINGS = NO;
				SWIFT_VERSION = 5.0;
				TARGETED_DEVICE_FAMILY = "1,2";
				TEST_HOST = "$(BUILT_PRODUCTS_DIR)/Straightening.app/$(BUNDLE_EXECUTABLE_FOLDER_PATH)/Straightening";
			};
			name = Release;
		};
		2770EA67291BEF4700760A35 /* Debug */ = {
			isa = XCBuildConfiguration;
			buildSettings = {
				ALWAYS_SEARCH_USER_PATHS = NO;
				CLANG_ANALYZER_NONNULL = YES;
				CLANG_ANALYZER_NUMBER_OBJECT_CONVERSION = YES_AGGRESSIVE;
				CLANG_CXX_LANGUAGE_STANDARD = "gnu++20";
				CLANG_ENABLE_MODULES = YES;
				CLANG_ENABLE_OBJC_ARC = YES;
				CLANG_ENABLE_OBJC_WEAK = YES;
				CLANG_WARN_BLOCK_CAPTURE_AUTORELEASING = YES;
				CLANG_WARN_BOOL_CONVERSION = YES;
				CLANG_WARN_COMMA = YES;
				CLANG_WARN_CONSTANT_CONVERSION = YES;
				CLANG_WARN_DEPRECATED_OBJC_IMPLEMENTATIONS = YES;
				CLANG_WARN_DIRECT_OBJC_ISA_USAGE = YES_ERROR;
				CLANG_WARN_DOCUMENTATION_COMMENTS = YES;
				CLANG_WARN_EMPTY_BODY = YES;
				CLANG_WARN_ENUM_CONVERSION = YES;
				CLANG_WARN_INFINITE_RECURSION = YES;
				CLANG_WARN_INT_CONVERSION = YES;
				CLANG_WARN_NON_LITERAL_NULL_CONVERSION = YES;
				CLANG_WARN_OBJC_IMPLICIT_RETAIN_SELF = YES;
				CLANG_WARN_OBJC_LITERAL_CONVERSION = YES;
				CLANG_WARN_OBJC_ROOT_CLASS = YES_ERROR;
				CLANG_WARN_QUOTED_INCLUDE_IN_FRAMEWORK_HEADER = YES;
				CLANG_WARN_RANGE_LOOP_ANALYSIS = YES;
				CLANG_WARN_STRICT_PROTOTYPES = YES;
				CLANG_WARN_SUSPICIOUS_MOVE = YES;
				CLANG_WARN_UNGUARDED_AVAILABILITY = YES_AGGRESSIVE;
				CLANG_WARN_UNREACHABLE_CODE = YES;
				CLANG_WARN__DUPLICATE_METHOD_MATCH = YES;
				COPY_PHASE_STRIP = NO;
				DEBUG_INFORMATION_FORMAT = dwarf;
				ENABLE_STRICT_OBJC_MSGSEND = YES;
				ENABLE_TESTABILITY = YES;
				GCC_C_LANGUAGE_STANDARD = gnu11;
				GCC_DYNAMIC_NO_PIC = NO;
				GCC_NO_COMMON_BLOCKS = YES;
				GCC_OPTIMIZATION_LEVEL = 0;
				GCC_PREPROCESSOR_DEFINITIONS = (
					"DEBUG=1",
					"$(inherited)",
				);
				GCC_WARN_64_TO_32_BIT_CONVERSION = YES;
				GCC_WARN_ABOUT_RETURN_TYPE = YES_ERROR;
				GCC_WARN_UNDECLARED_SELECTOR = YES;
				GCC_WARN_UNINITIALIZED_AUTOS = YES_AGGRESSIVE;
				GCC_WARN_UNUSED_FUNCTION = YES;
				GCC_WARN_UNUSED_VARIABLE = YES;
				IPHONEOS_DEPLOYMENT_TARGET = 15.1;
				MTL_ENABLE_DEBUG_INFO = INCLUDE_SOURCE;
				MTL_FAST_MATH = YES;
				ONLY_ACTIVE_ARCH = YES;
				SDKROOT = iphoneos;
				SWIFT_ACTIVE_COMPILATION_CONDITIONS = DEBUG;
				SWIFT_OPTIMIZATION_LEVEL = "-Onone";
			};
			name = Debug;
		};
		2770EA68291BEF4700760A35 /* Release */ = {
			isa = XCBuildConfiguration;
			buildSettings = {
				ALWAYS_SEARCH_USER_PATHS = NO;
				CLANG_ANALYZER_NONNULL = YES;
				CLANG_ANALYZER_NUMBER_OBJECT_CONVERSION = YES_AGGRESSIVE;
				CLANG_CXX_LANGUAGE_STANDARD = "gnu++20";
				CLANG_ENABLE_MODULES = YES;
				CLANG_ENABLE_OBJC_ARC = YES;
				CLANG_ENABLE_OBJC_WEAK = YES;
				CLANG_WARN_BLOCK_CAPTURE_AUTORELEASING = YES;
				CLANG_WARN_BOOL_CONVERSION = YES;
				CLANG_WARN_COMMA = YES;
				CLANG_WARN_CONSTANT_CONVERSION = YES;
				CLANG_WARN_DEPRECATED_OBJC_IMPLEMENTATIONS = YES;
				CLANG_WARN_DIRECT_OBJC_ISA_USAGE = YES_ERROR;
				CLANG_WARN_DOCUMENTATION_COMMENTS = YES;
				CLANG_WARN_EMPTY_BODY = YES;
				CLANG_WARN_ENUM_CONVERSION = YES;
				CLANG_WARN_INFINITE_RECURSION = YES;
				CLANG_WARN_INT_CONVERSION = YES;
				CLANG_WARN_NON_LITERAL_NULL_CONVERSION = YES;
				CLANG_WARN_OBJC_IMPLICIT_RETAIN_SELF = YES;
				CLANG_WARN_OBJC_LITERAL_CONVERSION = YES;
				CLANG_WARN_OBJC_ROOT_CLASS = YES_ERROR;
				CLANG_WARN_QUOTED_INCLUDE_IN_FRAMEWORK_HEADER = YES;
				CLANG_WARN_RANGE_LOOP_ANALYSIS = YES;
				CLANG_WARN_STRICT_PROTOTYPES = YES;
				CLANG_WARN_SUSPICIOUS_MOVE = YES;
				CLANG_WARN_UNGUARDED_AVAILABILITY = YES_AGGRESSIVE;
				CLANG_WARN_UNREACHABLE_CODE = YES;
				CLANG_WARN__DUPLICATE_METHOD_MATCH = YES;
				COPY_PHASE_STRIP = NO;
				DEBUG_INFORMATION_FORMAT = "dwarf-with-dsym";
				ENABLE_NS_ASSERTIONS = NO;
				ENABLE_STRICT_OBJC_MSGSEND = YES;
				GCC_C_LANGUAGE_STANDARD = gnu11;
				GCC_NO_COMMON_BLOCKS = YES;
				GCC_WARN_64_TO_32_BIT_CONVERSION = YES;
				GCC_WARN_ABOUT_RETURN_TYPE = YES_ERROR;
				GCC_WARN_UNDECLARED_SELECTOR = YES;
				GCC_WARN_UNINITIALIZED_AUTOS = YES_AGGRESSIVE;
				GCC_WARN_UNUSED_FUNCTION = YES;
				GCC_WARN_UNUSED_VARIABLE = YES;
				IPHONEOS_DEPLOYMENT_TARGET = 15.1;
				MTL_ENABLE_DEBUG_INFO = NO;
				MTL_FAST_MATH = YES;
				SDKROOT = iphoneos;
				SWIFT_COMPILATION_MODE = wholemodule;
				SWIFT_OPTIMIZATION_LEVEL = "-O";
				VALIDATE_PRODUCT = YES;
			};
			name = Release;
		};
		2770EA6A291BEF4700760A35 /* Debug */ = {
			isa = XCBuildConfiguration;
			buildSettings = {
				ASSETCATALOG_COMPILER_APPICON_NAME = AppIcon;
				ASSETCATALOG_COMPILER_GLOBAL_ACCENT_COLOR_NAME = AccentColor;
				CODE_SIGN_STYLE = Automatic;
				CURRENT_PROJECT_VERSION = 1;
				GENERATE_INFOPLIST_FILE = YES;
				INFOPLIST_FILE = Straightening/Info.plist;
				INFOPLIST_KEY_UIApplicationSupportsIndirectInputEvents = YES;
				INFOPLIST_KEY_UILaunchStoryboardName = LaunchScreen;
				INFOPLIST_KEY_UISupportedInterfaceOrientations_iPad = "UIInterfaceOrientationPortrait UIInterfaceOrientationPortraitUpsideDown UIInterfaceOrientationLandscapeLeft UIInterfaceOrientationLandscapeRight";
				INFOPLIST_KEY_UISupportedInterfaceOrientations_iPhone = "UIInterfaceOrientationPortrait UIInterfaceOrientationLandscapeLeft UIInterfaceOrientationLandscapeRight";
				LD_RUNPATH_SEARCH_PATHS = (
					"$(inherited)",
					"@executable_path/Frameworks",
				);
				MARKETING_VERSION = 1.0;
				PRODUCT_BUNDLE_IDENTIFIER = villarDeveloper.Straightening;
				PRODUCT_NAME = "$(TARGET_NAME)";
				SWIFT_EMIT_LOC_STRINGS = YES;
				SWIFT_VERSION = 5.0;
				TARGETED_DEVICE_FAMILY = "1,2";
			};
			name = Debug;
		};
		2770EA6B291BEF4700760A35 /* Release */ = {
			isa = XCBuildConfiguration;
			buildSettings = {
				ASSETCATALOG_COMPILER_APPICON_NAME = AppIcon;
				ASSETCATALOG_COMPILER_GLOBAL_ACCENT_COLOR_NAME = AccentColor;
				CODE_SIGN_STYLE = Automatic;
				CURRENT_PROJECT_VERSION = 1;
				GENERATE_INFOPLIST_FILE = YES;
				INFOPLIST_FILE = Straightening/Info.plist;
				INFOPLIST_KEY_UIApplicationSupportsIndirectInputEvents = YES;
				INFOPLIST_KEY_UILaunchStoryboardName = LaunchScreen;
				INFOPLIST_KEY_UISupportedInterfaceOrientations_iPad = "UIInterfaceOrientationPortrait UIInterfaceOrientationPortraitUpsideDown UIInterfaceOrientationLandscapeLeft UIInterfaceOrientationLandscapeRight";
				INFOPLIST_KEY_UISupportedInterfaceOrientations_iPhone = "UIInterfaceOrientationPortrait UIInterfaceOrientationLandscapeLeft UIInterfaceOrientationLandscapeRight";
				LD_RUNPATH_SEARCH_PATHS = (
					"$(inherited)",
					"@executable_path/Frameworks",
				);
				MARKETING_VERSION = 1.0;
				PRODUCT_BUNDLE_IDENTIFIER = villarDeveloper.Straightening;
				PRODUCT_NAME = "$(TARGET_NAME)";
				SWIFT_EMIT_LOC_STRINGS = YES;
				SWIFT_VERSION = 5.0;
				TARGETED_DEVICE_FAMILY = "1,2";
			};
			name = Release;
		};
/* End XCBuildConfiguration section */

/* Begin XCConfigurationList section */
		1DC7A9112940C48700F78A17 /* Build configuration list for PBXNativeTarget "StraighteningTests" */ = {
			isa = XCConfigurationList;
			buildConfigurations = (
				1DC7A9122940C48700F78A17 /* Debug */,
				1DC7A9132940C48700F78A17 /* Release */,
			);
			defaultConfigurationIsVisible = 0;
			defaultConfigurationName = Release;
		};
		2770EA37291BEF4600760A35 /* Build configuration list for PBXProject "Straightening" */ = {
			isa = XCConfigurationList;
			buildConfigurations = (
				2770EA67291BEF4700760A35 /* Debug */,
				2770EA68291BEF4700760A35 /* Release */,
			);
			defaultConfigurationIsVisible = 0;
			defaultConfigurationName = Release;
		};
		2770EA69291BEF4700760A35 /* Build configuration list for PBXNativeTarget "Straightening" */ = {
			isa = XCConfigurationList;
			buildConfigurations = (
				2770EA6A291BEF4700760A35 /* Debug */,
				2770EA6B291BEF4700760A35 /* Release */,
			);
			defaultConfigurationIsVisible = 0;
			defaultConfigurationName = Release;
		};
/* End XCConfigurationList section */

/* Begin XCRemoteSwiftPackageReference section */
		27EECF8B2935073600DBBEEA /* XCRemoteSwiftPackageReference "firebase-ios-sdk" */ = {
			isa = XCRemoteSwiftPackageReference;
			repositoryURL = "https://github.com/firebase/firebase-ios-sdk";
			requirement = {
				branch = master;
				kind = branch;
			};
		};
/* End XCRemoteSwiftPackageReference section */

/* Begin XCSwiftPackageProductDependency section */
		1DC7A9152940C6F700F78A17 /* FirebaseAuth */ = {
			isa = XCSwiftPackageProductDependency;
			package = 27EECF8B2935073600DBBEEA /* XCRemoteSwiftPackageReference "firebase-ios-sdk" */;
			productName = FirebaseAuth;
		};
		27EECF8C2935073600DBBEEA /* FirebaseAuth */ = {
			isa = XCSwiftPackageProductDependency;
			package = 27EECF8B2935073600DBBEEA /* XCRemoteSwiftPackageReference "firebase-ios-sdk" */;
			productName = FirebaseAuth;
		};
		27EECF8E2935073600DBBEEA /* FirebaseFirestore */ = {
			isa = XCSwiftPackageProductDependency;
			package = 27EECF8B2935073600DBBEEA /* XCRemoteSwiftPackageReference "firebase-ios-sdk" */;
			productName = FirebaseFirestore;
		};
/* End XCSwiftPackageProductDependency section */

/* Begin XCVersionGroup section */
		2770EA48291BEF4600760A35 /* Straightening.xcdatamodeld */ = {
			isa = XCVersionGroup;
			children = (
				2770EA49291BEF4600760A35 /* Straightening.xcdatamodel */,
			);
			currentVersion = 2770EA49291BEF4600760A35 /* Straightening.xcdatamodel */;
			path = Straightening.xcdatamodeld;
			sourceTree = "<group>";
			versionGroupType = wrapper.xcdatamodel;
		};
/* End XCVersionGroup section */
	};
	rootObject = 2770EA34291BEF4600760A35 /* Project object */;
}
