// !$*UTF8*$!
{
	archiveVersion = 1;
	classes = {
	};
	objectVersion = 56;
	objects = {

/* Begin PBXBuildFile section */
		1D3E05D3291E81F6007F836C /* Create+Stacks.swift in Sources */ = {isa = PBXBuildFile; fileRef = 1D3E05D2291E81F6007F836C /* Create+Stacks.swift */; };
		1D3E05D5291E8207007F836C /* Create+TextFields.swift in Sources */ = {isa = PBXBuildFile; fileRef = 1D3E05D4291E8207007F836C /* Create+TextFields.swift */; };
		1D635314292E99560052705D /* Levítico.geojson in Resources */ = {isa = PBXBuildFile; fileRef = 1D4FB4B4292E96C6003DFA6D /* Levítico.geojson */; };
		1D635316292E9B760052705D /* Números.geojson in Resources */ = {isa = PBXBuildFile; fileRef = 1D635315292E9B760052705D /* Números.geojson */; };
		1D65ED9129294259008842F4 /* BookCollectionViewCell.swift in Sources */ = {isa = PBXBuildFile; fileRef = 1D65ED9029294259008842F4 /* BookCollectionViewCell.swift */; };
		1D695752292F963D008AE42D /* BookCollectionView.swift in Sources */ = {isa = PBXBuildFile; fileRef = 1D695751292F963D008AE42D /* BookCollectionView.swift */; };
		1D695754292F9DC2008AE42D /* UIScrollView+Hierarchy.swift in Sources */ = {isa = PBXBuildFile; fileRef = 1D695753292F9DC2008AE42D /* UIScrollView+Hierarchy.swift */; };
		1D77F9AC2927D3ED00EF0EFB /* UIView+Background.swift in Sources */ = {isa = PBXBuildFile; fileRef = 1D77F9AB2927D3ED00EF0EFB /* UIView+Background.swift */; };
		1D7A2DFD2926A2DA00F9907D /* BookViewController.swift in Sources */ = {isa = PBXBuildFile; fileRef = 1D7A2DFC2926A2DA00F9907D /* BookViewController.swift */; };
		1D7A2DFF2926A5DA00F9907D /* Create+NavigationController.swift in Sources */ = {isa = PBXBuildFile; fileRef = 1D7A2DFE2926A5DA00F9907D /* Create+NavigationController.swift */; };
		1D942CD7291D65A60018CC82 /* Assets.swift in Sources */ = {isa = PBXBuildFile; fileRef = 1D942CD6291D65A60018CC82 /* Assets.swift */; };
		1D942CD9291D65B70018CC82 /* Create+Buttons.swift in Sources */ = {isa = PBXBuildFile; fileRef = 1D942CD8291D65B70018CC82 /* Create+Buttons.swift */; };
		1DA298C429229AEE0034770C /* RegisterNameViewController.swift in Sources */ = {isa = PBXBuildFile; fileRef = 1DA298C329229AEE0034770C /* RegisterNameViewController.swift */; };
		1DA298C82922A4D60034770C /* RegisterPhoneViewController.swift in Sources */ = {isa = PBXBuildFile; fileRef = 1DA298C72922A4D60034770C /* RegisterPhoneViewController.swift */; };
		1DA298CA2922A4E80034770C /* RegisterEmailViewController.swift in Sources */ = {isa = PBXBuildFile; fileRef = 1DA298C92922A4E80034770C /* RegisterEmailViewController.swift */; };
		1DA298CC2922A4F70034770C /* RegisterMinisteryViewController.swift in Sources */ = {isa = PBXBuildFile; fileRef = 1DA298CB2922A4F70034770C /* RegisterMinisteryViewController.swift */; };
		1DA298CE2922A50A0034770C /* RegisterBirthDateViewController.swift in Sources */ = {isa = PBXBuildFile; fileRef = 1DA298CD2922A50A0034770C /* RegisterBirthDateViewController.swift */; };
		1DA298D02922A5190034770C /* RegisterAvaibleTimeViewController.swift in Sources */ = {isa = PBXBuildFile; fileRef = 1DA298CF2922A5190034770C /* RegisterAvaibleTimeViewController.swift */; };
		1DA4456A2927A807001E137C /* UINavigationController+Navigate.swift in Sources */ = {isa = PBXBuildFile; fileRef = 1DA445692927A807001E137C /* UINavigationController+Navigate.swift */; };
		1DA4456C2927B029001E137C /* BookModel.swift in Sources */ = {isa = PBXBuildFile; fileRef = 1DA4456B2927B029001E137C /* BookModel.swift */; };
		1DA4456E2927B2A5001E137C /* BookViewModel.swift in Sources */ = {isa = PBXBuildFile; fileRef = 1DA4456D2927B2A5001E137C /* BookViewModel.swift */; };
		1DA45EE42929181D00BB5870 /* Gênesis.geojson in Resources */ = {isa = PBXBuildFile; fileRef = 1DA45EE32929181D00BB5870 /* Gênesis.geojson */; };
		1DB41A74292D002700FB81A0 /* Êxodo.geojson in Resources */ = {isa = PBXBuildFile; fileRef = 1DB41A72292CFFEC00FB81A0 /* Êxodo.geojson */; };
		1DB7864A2923A5A100DFF861 /* RegisterViewController.swift in Sources */ = {isa = PBXBuildFile; fileRef = 1DB786492923A5A100DFF861 /* RegisterViewController.swift */; };
		1DF21B0F291C194800A85B05 /* Network.swift in Sources */ = {isa = PBXBuildFile; fileRef = 1DF21B0E291C194800A85B05 /* Network.swift */; };
		1DF21B13291C196200A85B05 /* UIView+Hierarchy.swift in Sources */ = {isa = PBXBuildFile; fileRef = 1DF21B12291C196200A85B05 /* UIView+Hierarchy.swift */; };
		270C5EA8292DD12A00F8DFDC /* BindingTextField.swift in Sources */ = {isa = PBXBuildFile; fileRef = 270C5EA7292DD12A00F8DFDC /* BindingTextField.swift */; };
		27665C802927050A00F80344 /* UiStackView+VStack.swift in Sources */ = {isa = PBXBuildFile; fileRef = 27665C7F2927050A00F80344 /* UiStackView+VStack.swift */; };
		27665C822927055100F80344 /* UiStackView+HStack.swift in Sources */ = {isa = PBXBuildFile; fileRef = 27665C812927055100F80344 /* UiStackView+HStack.swift */; };
		27665C8429270AFD00F80344 /* UiView+ConstrainsFunc.swift in Sources */ = {isa = PBXBuildFile; fileRef = 27665C8329270AFD00F80344 /* UiView+ConstrainsFunc.swift */; };
		2770EA40291BEF4600760A35 /* AppDelegate.swift in Sources */ = {isa = PBXBuildFile; fileRef = 2770EA3F291BEF4600760A35 /* AppDelegate.swift */; };
		2770EA42291BEF4600760A35 /* SceneDelegate.swift in Sources */ = {isa = PBXBuildFile; fileRef = 2770EA41291BEF4600760A35 /* SceneDelegate.swift */; };
		2770EA44291BEF4600760A35 /* LoginViewController.swift in Sources */ = {isa = PBXBuildFile; fileRef = 2770EA43291BEF4600760A35 /* LoginViewController.swift */; };
		2770EA4A291BEF4600760A35 /* Straightening.xcdatamodeld in Sources */ = {isa = PBXBuildFile; fileRef = 2770EA48291BEF4600760A35 /* Straightening.xcdatamodeld */; };
		2770EA4C291BEF4700760A35 /* Assets.xcassets in Resources */ = {isa = PBXBuildFile; fileRef = 2770EA4B291BEF4700760A35 /* Assets.xcassets */; };
		2770EA4F291BEF4700760A35 /* LaunchScreen.storyboard in Resources */ = {isa = PBXBuildFile; fileRef = 2770EA4D291BEF4700760A35 /* LaunchScreen.storyboard */; };
		2770EA5A291BEF4700760A35 /* StraighteningTests.swift in Sources */ = {isa = PBXBuildFile; fileRef = 2770EA59291BEF4700760A35 /* StraighteningTests.swift */; };
		2770EA64291BEF4700760A35 /* StraighteningUITests.swift in Sources */ = {isa = PBXBuildFile; fileRef = 2770EA63291BEF4700760A35 /* StraighteningUITests.swift */; };
		2770EA66291BEF4700760A35 /* StraighteningUITestsLaunchTests.swift in Sources */ = {isa = PBXBuildFile; fileRef = 2770EA65291BEF4700760A35 /* StraighteningUITestsLaunchTests.swift */; };
		2770EA81291C1F7D00760A35 /* HomeViewController.swift in Sources */ = {isa = PBXBuildFile; fileRef = 2770EA80291C1F7D00760A35 /* HomeViewController.swift */; };
		2770EA83291C1FA100760A35 /* FormViewController.swift in Sources */ = {isa = PBXBuildFile; fileRef = 2770EA82291C1FA100760A35 /* FormViewController.swift */; };
		277CC216291D692500BA2BCC /* UIStackView+Hierarchy.swift in Sources */ = {isa = PBXBuildFile; fileRef = 277CC215291D692500BA2BCC /* UIStackView+Hierarchy.swift */; };
		277CC218291D69AB00BA2BCC /* Create+Labels.swift in Sources */ = {isa = PBXBuildFile; fileRef = 277CC217291D69AB00BA2BCC /* Create+Labels.swift */; };
		277CC21B291D6F2C00BA2BCC /* SetupView.swift in Sources */ = {isa = PBXBuildFile; fileRef = 277CC21A291D6F2C00BA2BCC /* SetupView.swift */; };
		27955AC929254C4500B12FD3 /* IntroViewController.swift in Sources */ = {isa = PBXBuildFile; fileRef = 27955AC829254C4500B12FD3 /* IntroViewController.swift */; };
		279E0558292196C700A6E008 /* PickerViewAvaliableTimeTextField.swift in Sources */ = {isa = PBXBuildFile; fileRef = 279E0556292196C700A6E008 /* PickerViewAvaliableTimeTextField.swift */; };
		279E055B292196DD00A6E008 /* PickerViewMinisteryTextField.swift in Sources */ = {isa = PBXBuildFile; fileRef = 279E055A292196DD00A6E008 /* PickerViewMinisteryTextField.swift */; };
		279E055D2921972500A6E008 /* UITextField+NoPaste.swift in Sources */ = {isa = PBXBuildFile; fileRef = 279E055C2921972500A6E008 /* UITextField+NoPaste.swift */; };
		279E055F2921975F00A6E008 /* UIStackView+Border.swift in Sources */ = {isa = PBXBuildFile; fileRef = 279E055E2921975F00A6E008 /* UIStackView+Border.swift */; };
		27C8BB6B292D1AC00067FE17 /* Regex+Cep.swift in Sources */ = {isa = PBXBuildFile; fileRef = 27C8BB6A292D1AC00067FE17 /* Regex+Cep.swift */; };
		27E3A6F529251E75007CDF8A /* UIViewController+HiddenKeyboard.swift in Sources */ = {isa = PBXBuildFile; fileRef = 27E3A6F429251E75007CDF8A /* UIViewController+HiddenKeyboard.swift */; };
		27E3A6FB2925263F007CDF8A /* BooksModel.swift in Sources */ = {isa = PBXBuildFile; fileRef = 27E3A6F72925263F007CDF8A /* BooksModel.swift */; };
		27E3A6FC2925263F007CDF8A /* BooksViewController.swift in Sources */ = {isa = PBXBuildFile; fileRef = 27E3A6F82925263F007CDF8A /* BooksViewController.swift */; };
		27E3A6FD2925263F007CDF8A /* BooksViewModel.swift in Sources */ = {isa = PBXBuildFile; fileRef = 27E3A6F92925263F007CDF8A /* BooksViewModel.swift */; };
		27E3A6FE2925263F007CDF8A /* BooksViewCollectionCell.swift in Sources */ = {isa = PBXBuildFile; fileRef = 27E3A6FA2925263F007CDF8A /* BooksViewCollectionCell.swift */; };
		27E712BA29266B2B00009AEF /* FormViewModel.swift in Sources */ = {isa = PBXBuildFile; fileRef = 27E712B929266B2B00009AEF /* FormViewModel.swift */; };
		27E712BC29266B3C00009AEF /* FormModel.swift in Sources */ = {isa = PBXBuildFile; fileRef = 27E712BB29266B3C00009AEF /* FormModel.swift */; };
/* End PBXBuildFile section */

/* Begin PBXContainerItemProxy section */
		2770EA56291BEF4700760A35 /* PBXContainerItemProxy */ = {
			isa = PBXContainerItemProxy;
			containerPortal = 2770EA34291BEF4600760A35 /* Project object */;
			proxyType = 1;
			remoteGlobalIDString = 2770EA3B291BEF4600760A35;
			remoteInfo = Straightening;
		};
		2770EA60291BEF4700760A35 /* PBXContainerItemProxy */ = {
			isa = PBXContainerItemProxy;
			containerPortal = 2770EA34291BEF4600760A35 /* Project object */;
			proxyType = 1;
			remoteGlobalIDString = 2770EA3B291BEF4600760A35;
			remoteInfo = Straightening;
		};
/* End PBXContainerItemProxy section */

/* Begin PBXFileReference section */
		1D3E05D2291E81F6007F836C /* Create+Stacks.swift */ = {isa = PBXFileReference; lastKnownFileType = sourcecode.swift; path = "Create+Stacks.swift"; sourceTree = "<group>"; };
		1D3E05D4291E8207007F836C /* Create+TextFields.swift */ = {isa = PBXFileReference; lastKnownFileType = sourcecode.swift; path = "Create+TextFields.swift"; sourceTree = "<group>"; };
		1D4FB4B4292E96C6003DFA6D /* Levítico.geojson */ = {isa = PBXFileReference; lastKnownFileType = text; path = "Levítico.geojson"; sourceTree = "<group>"; };
		1D635315292E9B760052705D /* Números.geojson */ = {isa = PBXFileReference; lastKnownFileType = text; path = "Números.geojson"; sourceTree = "<group>"; };
		1D65ED9029294259008842F4 /* BookCollectionViewCell.swift */ = {isa = PBXFileReference; lastKnownFileType = sourcecode.swift; path = BookCollectionViewCell.swift; sourceTree = "<group>"; };
		1D695751292F963D008AE42D /* BookCollectionView.swift */ = {isa = PBXFileReference; lastKnownFileType = sourcecode.swift; path = BookCollectionView.swift; sourceTree = "<group>"; };
		1D695753292F9DC2008AE42D /* UIScrollView+Hierarchy.swift */ = {isa = PBXFileReference; lastKnownFileType = sourcecode.swift; path = "UIScrollView+Hierarchy.swift"; sourceTree = "<group>"; };
		1D77F9AB2927D3ED00EF0EFB /* UIView+Background.swift */ = {isa = PBXFileReference; lastKnownFileType = sourcecode.swift; path = "UIView+Background.swift"; sourceTree = "<group>"; };
		1D7A2DFC2926A2DA00F9907D /* BookViewController.swift */ = {isa = PBXFileReference; lastKnownFileType = sourcecode.swift; path = BookViewController.swift; sourceTree = "<group>"; };
		1D7A2DFE2926A5DA00F9907D /* Create+NavigationController.swift */ = {isa = PBXFileReference; lastKnownFileType = sourcecode.swift; path = "Create+NavigationController.swift"; sourceTree = "<group>"; };
		1D942CD6291D65A60018CC82 /* Assets.swift */ = {isa = PBXFileReference; lastKnownFileType = sourcecode.swift; path = Assets.swift; sourceTree = "<group>"; };
		1D942CD8291D65B70018CC82 /* Create+Buttons.swift */ = {isa = PBXFileReference; lastKnownFileType = sourcecode.swift; path = "Create+Buttons.swift"; sourceTree = "<group>"; };
		1DA298C329229AEE0034770C /* RegisterNameViewController.swift */ = {isa = PBXFileReference; lastKnownFileType = sourcecode.swift; path = RegisterNameViewController.swift; sourceTree = "<group>"; };
		1DA298C72922A4D60034770C /* RegisterPhoneViewController.swift */ = {isa = PBXFileReference; lastKnownFileType = sourcecode.swift; path = RegisterPhoneViewController.swift; sourceTree = "<group>"; };
		1DA298C92922A4E80034770C /* RegisterEmailViewController.swift */ = {isa = PBXFileReference; lastKnownFileType = sourcecode.swift; path = RegisterEmailViewController.swift; sourceTree = "<group>"; };
		1DA298CB2922A4F70034770C /* RegisterMinisteryViewController.swift */ = {isa = PBXFileReference; lastKnownFileType = sourcecode.swift; path = RegisterMinisteryViewController.swift; sourceTree = "<group>"; };
		1DA298CD2922A50A0034770C /* RegisterBirthDateViewController.swift */ = {isa = PBXFileReference; lastKnownFileType = sourcecode.swift; path = RegisterBirthDateViewController.swift; sourceTree = "<group>"; };
		1DA298CF2922A5190034770C /* RegisterAvaibleTimeViewController.swift */ = {isa = PBXFileReference; lastKnownFileType = sourcecode.swift; path = RegisterAvaibleTimeViewController.swift; sourceTree = "<group>"; };
		1DA445692927A807001E137C /* UINavigationController+Navigate.swift */ = {isa = PBXFileReference; lastKnownFileType = sourcecode.swift; path = "UINavigationController+Navigate.swift"; sourceTree = "<group>"; };
		1DA4456B2927B029001E137C /* BookModel.swift */ = {isa = PBXFileReference; lastKnownFileType = sourcecode.swift; path = BookModel.swift; sourceTree = "<group>"; };
		1DA4456D2927B2A5001E137C /* BookViewModel.swift */ = {isa = PBXFileReference; lastKnownFileType = sourcecode.swift; path = BookViewModel.swift; sourceTree = "<group>"; };
		1DA45EE32929181D00BB5870 /* Gênesis.geojson */ = {isa = PBXFileReference; fileEncoding = 4; lastKnownFileType = text; path = "Gênesis.geojson"; sourceTree = "<group>"; };
		1DB41A72292CFFEC00FB81A0 /* Êxodo.geojson */ = {isa = PBXFileReference; lastKnownFileType = text; path = "Êxodo.geojson"; sourceTree = "<group>"; };
		1DB786492923A5A100DFF861 /* RegisterViewController.swift */ = {isa = PBXFileReference; lastKnownFileType = sourcecode.swift; path = RegisterViewController.swift; sourceTree = "<group>"; };
		1DF21B0E291C194800A85B05 /* Network.swift */ = {isa = PBXFileReference; lastKnownFileType = sourcecode.swift; path = Network.swift; sourceTree = "<group>"; };
		1DF21B12291C196200A85B05 /* UIView+Hierarchy.swift */ = {isa = PBXFileReference; lastKnownFileType = sourcecode.swift; path = "UIView+Hierarchy.swift"; sourceTree = "<group>"; };
		270C5EA7292DD12A00F8DFDC /* BindingTextField.swift */ = {isa = PBXFileReference; lastKnownFileType = sourcecode.swift; path = BindingTextField.swift; sourceTree = "<group>"; };
		27665C7F2927050A00F80344 /* UiStackView+VStack.swift */ = {isa = PBXFileReference; lastKnownFileType = sourcecode.swift; path = "UiStackView+VStack.swift"; sourceTree = "<group>"; };
		27665C812927055100F80344 /* UiStackView+HStack.swift */ = {isa = PBXFileReference; lastKnownFileType = sourcecode.swift; path = "UiStackView+HStack.swift"; sourceTree = "<group>"; };
		27665C8329270AFD00F80344 /* UiView+ConstrainsFunc.swift */ = {isa = PBXFileReference; lastKnownFileType = sourcecode.swift; path = "UiView+ConstrainsFunc.swift"; sourceTree = "<group>"; };
		2770EA3C291BEF4600760A35 /* Straightening.app */ = {isa = PBXFileReference; explicitFileType = wrapper.application; includeInIndex = 0; path = Straightening.app; sourceTree = BUILT_PRODUCTS_DIR; };
		2770EA3F291BEF4600760A35 /* AppDelegate.swift */ = {isa = PBXFileReference; lastKnownFileType = sourcecode.swift; path = AppDelegate.swift; sourceTree = "<group>"; };
		2770EA41291BEF4600760A35 /* SceneDelegate.swift */ = {isa = PBXFileReference; lastKnownFileType = sourcecode.swift; path = SceneDelegate.swift; sourceTree = "<group>"; };
		2770EA43291BEF4600760A35 /* LoginViewController.swift */ = {isa = PBXFileReference; lastKnownFileType = sourcecode.swift; path = LoginViewController.swift; sourceTree = "<group>"; };
		2770EA49291BEF4600760A35 /* Straightening.xcdatamodel */ = {isa = PBXFileReference; lastKnownFileType = wrapper.xcdatamodel; path = Straightening.xcdatamodel; sourceTree = "<group>"; };
		2770EA4B291BEF4700760A35 /* Assets.xcassets */ = {isa = PBXFileReference; lastKnownFileType = folder.assetcatalog; path = Assets.xcassets; sourceTree = "<group>"; };
		2770EA4E291BEF4700760A35 /* Base */ = {isa = PBXFileReference; lastKnownFileType = file.storyboard; name = Base; path = Base.lproj/LaunchScreen.storyboard; sourceTree = "<group>"; };
		2770EA50291BEF4700760A35 /* Info.plist */ = {isa = PBXFileReference; lastKnownFileType = text.plist.xml; path = Info.plist; sourceTree = "<group>"; };
		2770EA55291BEF4700760A35 /* StraighteningTests.xctest */ = {isa = PBXFileReference; explicitFileType = wrapper.cfbundle; includeInIndex = 0; path = StraighteningTests.xctest; sourceTree = BUILT_PRODUCTS_DIR; };
		2770EA59291BEF4700760A35 /* StraighteningTests.swift */ = {isa = PBXFileReference; lastKnownFileType = sourcecode.swift; path = StraighteningTests.swift; sourceTree = "<group>"; };
		2770EA5F291BEF4700760A35 /* StraighteningUITests.xctest */ = {isa = PBXFileReference; explicitFileType = wrapper.cfbundle; includeInIndex = 0; path = StraighteningUITests.xctest; sourceTree = BUILT_PRODUCTS_DIR; };
		2770EA63291BEF4700760A35 /* StraighteningUITests.swift */ = {isa = PBXFileReference; lastKnownFileType = sourcecode.swift; path = StraighteningUITests.swift; sourceTree = "<group>"; };
		2770EA65291BEF4700760A35 /* StraighteningUITestsLaunchTests.swift */ = {isa = PBXFileReference; lastKnownFileType = sourcecode.swift; path = StraighteningUITestsLaunchTests.swift; sourceTree = "<group>"; };
		2770EA80291C1F7D00760A35 /* HomeViewController.swift */ = {isa = PBXFileReference; lastKnownFileType = sourcecode.swift; path = HomeViewController.swift; sourceTree = "<group>"; };
		2770EA82291C1FA100760A35 /* FormViewController.swift */ = {isa = PBXFileReference; lastKnownFileType = sourcecode.swift; path = FormViewController.swift; sourceTree = "<group>"; };
		277CC215291D692500BA2BCC /* UIStackView+Hierarchy.swift */ = {isa = PBXFileReference; lastKnownFileType = sourcecode.swift; path = "UIStackView+Hierarchy.swift"; sourceTree = "<group>"; };
		277CC217291D69AB00BA2BCC /* Create+Labels.swift */ = {isa = PBXFileReference; lastKnownFileType = sourcecode.swift; path = "Create+Labels.swift"; sourceTree = "<group>"; };
		277CC21A291D6F2C00BA2BCC /* SetupView.swift */ = {isa = PBXFileReference; lastKnownFileType = sourcecode.swift; path = SetupView.swift; sourceTree = "<group>"; };
		27955AC829254C4500B12FD3 /* IntroViewController.swift */ = {isa = PBXFileReference; lastKnownFileType = sourcecode.swift; path = IntroViewController.swift; sourceTree = "<group>"; };
		279E0556292196C700A6E008 /* PickerViewAvaliableTimeTextField.swift */ = {isa = PBXFileReference; fileEncoding = 4; lastKnownFileType = sourcecode.swift; path = PickerViewAvaliableTimeTextField.swift; sourceTree = "<group>"; };
		279E055A292196DD00A6E008 /* PickerViewMinisteryTextField.swift */ = {isa = PBXFileReference; fileEncoding = 4; lastKnownFileType = sourcecode.swift; path = PickerViewMinisteryTextField.swift; sourceTree = "<group>"; };
		279E055C2921972500A6E008 /* UITextField+NoPaste.swift */ = {isa = PBXFileReference; fileEncoding = 4; lastKnownFileType = sourcecode.swift; path = "UITextField+NoPaste.swift"; sourceTree = "<group>"; };
		279E055E2921975F00A6E008 /* UIStackView+Border.swift */ = {isa = PBXFileReference; fileEncoding = 4; lastKnownFileType = sourcecode.swift; path = "UIStackView+Border.swift"; sourceTree = "<group>"; };
		27C8BB6A292D1AC00067FE17 /* Regex+Cep.swift */ = {isa = PBXFileReference; lastKnownFileType = sourcecode.swift; path = "Regex+Cep.swift"; sourceTree = "<group>"; };
		27E3A6F429251E75007CDF8A /* UIViewController+HiddenKeyboard.swift */ = {isa = PBXFileReference; lastKnownFileType = sourcecode.swift; path = "UIViewController+HiddenKeyboard.swift"; sourceTree = "<group>"; };
		27E3A6F72925263F007CDF8A /* BooksModel.swift */ = {isa = PBXFileReference; fileEncoding = 4; lastKnownFileType = sourcecode.swift; path = BooksModel.swift; sourceTree = "<group>"; };
		27E3A6F82925263F007CDF8A /* BooksViewController.swift */ = {isa = PBXFileReference; fileEncoding = 4; lastKnownFileType = sourcecode.swift; path = BooksViewController.swift; sourceTree = "<group>"; };
		27E3A6F92925263F007CDF8A /* BooksViewModel.swift */ = {isa = PBXFileReference; fileEncoding = 4; lastKnownFileType = sourcecode.swift; path = BooksViewModel.swift; sourceTree = "<group>"; };
		27E3A6FA2925263F007CDF8A /* BooksViewCollectionCell.swift */ = {isa = PBXFileReference; fileEncoding = 4; lastKnownFileType = sourcecode.swift; path = BooksViewCollectionCell.swift; sourceTree = "<group>"; };
		27E712B929266B2B00009AEF /* FormViewModel.swift */ = {isa = PBXFileReference; lastKnownFileType = sourcecode.swift; path = FormViewModel.swift; sourceTree = "<group>"; };
		27E712BB29266B3C00009AEF /* FormModel.swift */ = {isa = PBXFileReference; lastKnownFileType = sourcecode.swift; path = FormModel.swift; sourceTree = "<group>"; };
/* End PBXFileReference section */

/* Begin PBXFrameworksBuildPhase section */
		2770EA39291BEF4600760A35 /* Frameworks */ = {
			isa = PBXFrameworksBuildPhase;
			buildActionMask = 2147483647;
			files = (
			);
			runOnlyForDeploymentPostprocessing = 0;
		};
		2770EA52291BEF4700760A35 /* Frameworks */ = {
			isa = PBXFrameworksBuildPhase;
			buildActionMask = 2147483647;
			files = (
			);
			runOnlyForDeploymentPostprocessing = 0;
		};
		2770EA5C291BEF4700760A35 /* Frameworks */ = {
			isa = PBXFrameworksBuildPhase;
			buildActionMask = 2147483647;
			files = (
			);
			runOnlyForDeploymentPostprocessing = 0;
		};
/* End PBXFrameworksBuildPhase section */

/* Begin PBXGroup section */
		1D7A2DFB2926A2CC00F9907D /* Book */ = {
			isa = PBXGroup;
			children = (
				1D65ED9029294259008842F4 /* BookCollectionViewCell.swift */,
				1D695751292F963D008AE42D /* BookCollectionView.swift */,
				1DA4456D2927B2A5001E137C /* BookViewModel.swift */,
				1D7A2DFC2926A2DA00F9907D /* BookViewController.swift */,
				1DA4456B2927B029001E137C /* BookModel.swift */,
			);
			path = Book;
			sourceTree = "<group>";
		};
		1D942CD4291D65800018CC82 /* Create */ = {
			isa = PBXGroup;
			children = (
				1D942CD8291D65B70018CC82 /* Create+Buttons.swift */,
				277CC217291D69AB00BA2BCC /* Create+Labels.swift */,
				1D3E05D2291E81F6007F836C /* Create+Stacks.swift */,
				1D3E05D4291E8207007F836C /* Create+TextFields.swift */,
				1D7A2DFE2926A5DA00F9907D /* Create+NavigationController.swift */,
			);
			path = Create;
			sourceTree = "<group>";
		};
		1D942CD5291D65980018CC82 /* Assets */ = {
			isa = PBXGroup;
			children = (
				1D942CD6291D65A60018CC82 /* Assets.swift */,
			);
			path = Assets;
			sourceTree = "<group>";
		};
		1DDA4DFC2922E42900B9C70F /* Bible */ = {
			isa = PBXGroup;
			children = (
				1D7A2DFB2926A2CC00F9907D /* Book */,
				27E3A6F62925263F007CDF8A /* Books */,
			);
			path = Bible;
			sourceTree = "<group>";
		};
		1DF21B0B291C18E500A85B05 /* AppUtils */ = {
			isa = PBXGroup;
			children = (
				2728114B292E4E1600D3B9C8 /* Objects */,
				277CC219291D6F0100BA2BCC /* Setup */,
				1D942CD5291D65980018CC82 /* Assets */,
				1D942CD4291D65800018CC82 /* Create */,
				1DF21B11291C195200A85B05 /* Network */,
				1DF21B10291C194C00A85B05 /* Extensions */,
			);
			path = AppUtils;
			sourceTree = "<group>";
		};
		1DF21B0C291C18ED00A85B05 /* AppDelegate */ = {
			isa = PBXGroup;
			children = (
				2770EA3F291BEF4600760A35 /* AppDelegate.swift */,
				2770EA41291BEF4600760A35 /* SceneDelegate.swift */,
			);
			path = AppDelegate;
			sourceTree = "<group>";
		};
		1DF21B0D291C18F200A85B05 /* AppFront */ = {
			isa = PBXGroup;
			children = (
				27955AC729254C3200B12FD3 /* IntroView */,
				1DDA4DFC2922E42900B9C70F /* Bible */,
				2770EA7F291C1F5C00760A35 /* Login */,
				2770EA7C291C1F4000760A35 /* Home */,
				2770EA7B291C1F3700760A35 /* Form */,
			);
			path = AppFront;
			sourceTree = "<group>";
		};
		1DF21B10291C194C00A85B05 /* Extensions */ = {
			isa = PBXGroup;
			children = (
				279E055C2921972500A6E008 /* UITextField+NoPaste.swift */,
				279E055E2921975F00A6E008 /* UIStackView+Border.swift */,
				277CC215291D692500BA2BCC /* UIStackView+Hierarchy.swift */,
				1DF21B12291C196200A85B05 /* UIView+Hierarchy.swift */,
				27E3A6F429251E75007CDF8A /* UIViewController+HiddenKeyboard.swift */,
				27665C8329270AFD00F80344 /* UiView+ConstrainsFunc.swift */,
				1D77F9AB2927D3ED00EF0EFB /* UIView+Background.swift */,
				27665C7F2927050A00F80344 /* UiStackView+VStack.swift */,
				27665C812927055100F80344 /* UiStackView+HStack.swift */,
				1DA445692927A807001E137C /* UINavigationController+Navigate.swift */,
				27C8BB6A292D1AC00067FE17 /* Regex+Cep.swift */,
				1D695753292F9DC2008AE42D /* UIScrollView+Hierarchy.swift */,
			);
			path = Extensions;
			sourceTree = "<group>";
		};
		1DF21B11291C195200A85B05 /* Network */ = {
			isa = PBXGroup;
			children = (
				1DF21B0E291C194800A85B05 /* Network.swift */,
			);
			path = Network;
			sourceTree = "<group>";
		};
		2728114B292E4E1600D3B9C8 /* Objects */ = {
			isa = PBXGroup;
			children = (
				270C5EA7292DD12A00F8DFDC /* BindingTextField.swift */,
			);
			path = Objects;
			sourceTree = "<group>";
		};
		2770EA33291BEF4600760A35 = {
			isa = PBXGroup;
			children = (
				2770EA3E291BEF4600760A35 /* Straightening */,
				2770EA58291BEF4700760A35 /* StraighteningTests */,
				2770EA62291BEF4700760A35 /* StraighteningUITests */,
				2770EA3D291BEF4600760A35 /* Products */,
			);
			sourceTree = "<group>";
		};
		2770EA3D291BEF4600760A35 /* Products */ = {
			isa = PBXGroup;
			children = (
				2770EA3C291BEF4600760A35 /* Straightening.app */,
				2770EA55291BEF4700760A35 /* StraighteningTests.xctest */,
				2770EA5F291BEF4700760A35 /* StraighteningUITests.xctest */,
			);
			name = Products;
			sourceTree = "<group>";
		};
		2770EA3E291BEF4600760A35 /* Straightening */ = {
			isa = PBXGroup;
			children = (
				1DF21B0D291C18F200A85B05 /* AppFront */,
				1DF21B0C291C18ED00A85B05 /* AppDelegate */,
				1DF21B0B291C18E500A85B05 /* AppUtils */,
				2770EA4B291BEF4700760A35 /* Assets.xcassets */,
				2770EA4D291BEF4700760A35 /* LaunchScreen.storyboard */,
				1DA45EE32929181D00BB5870 /* Gênesis.geojson */,
				1DB41A72292CFFEC00FB81A0 /* Êxodo.geojson */,
				1D4FB4B4292E96C6003DFA6D /* Levítico.geojson */,
				1D635315292E9B760052705D /* Números.geojson */,
				2770EA50291BEF4700760A35 /* Info.plist */,
				2770EA48291BEF4600760A35 /* Straightening.xcdatamodeld */,
			);
			path = Straightening;
			sourceTree = "<group>";
		};
		2770EA58291BEF4700760A35 /* StraighteningTests */ = {
			isa = PBXGroup;
			children = (
				2770EA59291BEF4700760A35 /* StraighteningTests.swift */,
			);
			path = StraighteningTests;
			sourceTree = "<group>";
		};
		2770EA62291BEF4700760A35 /* StraighteningUITests */ = {
			isa = PBXGroup;
			children = (
				2770EA63291BEF4700760A35 /* StraighteningUITests.swift */,
				2770EA65291BEF4700760A35 /* StraighteningUITestsLaunchTests.swift */,
			);
			path = StraighteningUITests;
			sourceTree = "<group>";
		};
		2770EA7B291C1F3700760A35 /* Form */ = {
			isa = PBXGroup;
			children = (
				2770EA82291C1FA100760A35 /* FormViewController.swift */,
				27E712BB29266B3C00009AEF /* FormModel.swift */,
				27E712B929266B2B00009AEF /* FormViewModel.swift */,
				27E712B829266AF600009AEF /* Register */,
				279E0559292196DD00A6E008 /* MinisteryPickerView */,
				279E0553292196C700A6E008 /* AvaliableTimePickerView */,
			);
			path = Form;
			sourceTree = "<group>";
		};
		2770EA7C291C1F4000760A35 /* Home */ = {
			isa = PBXGroup;
			children = (
				2770EA80291C1F7D00760A35 /* HomeViewController.swift */,
			);
			path = Home;
			sourceTree = "<group>";
		};
		2770EA7F291C1F5C00760A35 /* Login */ = {
			isa = PBXGroup;
			children = (
				2770EA43291BEF4600760A35 /* LoginViewController.swift */,
			);
			path = Login;
			sourceTree = "<group>";
		};
		277CC219291D6F0100BA2BCC /* Setup */ = {
			isa = PBXGroup;
			children = (
				277CC21A291D6F2C00BA2BCC /* SetupView.swift */,
			);
			path = Setup;
			sourceTree = "<group>";
		};
		27955AC729254C3200B12FD3 /* IntroView */ = {
			isa = PBXGroup;
			children = (
				27955AC829254C4500B12FD3 /* IntroViewController.swift */,
			);
			path = IntroView;
			sourceTree = "<group>";
		};
		279E0553292196C700A6E008 /* AvaliableTimePickerView */ = {
			isa = PBXGroup;
			children = (
				279E0556292196C700A6E008 /* PickerViewAvaliableTimeTextField.swift */,
			);
			path = AvaliableTimePickerView;
			sourceTree = "<group>";
		};
		279E0559292196DD00A6E008 /* MinisteryPickerView */ = {
			isa = PBXGroup;
			children = (
				279E055A292196DD00A6E008 /* PickerViewMinisteryTextField.swift */,
			);
			path = MinisteryPickerView;
			sourceTree = "<group>";
		};
		27E3A6F62925263F007CDF8A /* Books */ = {
			isa = PBXGroup;
			children = (
				27E3A6FA2925263F007CDF8A /* BooksViewCollectionCell.swift */,
				27E3A6F92925263F007CDF8A /* BooksViewModel.swift */,
				27E3A6F82925263F007CDF8A /* BooksViewController.swift */,
				27E3A6F72925263F007CDF8A /* BooksModel.swift */,
			);
			path = Books;
			sourceTree = "<group>";
		};
		27E712B829266AF600009AEF /* Register */ = {
			isa = PBXGroup;
			children = (
				1DA298C329229AEE0034770C /* RegisterNameViewController.swift */,
				1DA298C72922A4D60034770C /* RegisterPhoneViewController.swift */,
				1DA298C92922A4E80034770C /* RegisterEmailViewController.swift */,
				1DB786492923A5A100DFF861 /* RegisterViewController.swift */,
				1DA298CD2922A50A0034770C /* RegisterBirthDateViewController.swift */,
				1DA298CF2922A5190034770C /* RegisterAvaibleTimeViewController.swift */,
				1DA298CB2922A4F70034770C /* RegisterMinisteryViewController.swift */,
			);
			path = Register;
			sourceTree = "<group>";
		};
/* End PBXGroup section */

/* Begin PBXNativeTarget section */
		2770EA3B291BEF4600760A35 /* Straightening */ = {
			isa = PBXNativeTarget;
			buildConfigurationList = 2770EA69291BEF4700760A35 /* Build configuration list for PBXNativeTarget "Straightening" */;
			buildPhases = (
				2770EA38291BEF4600760A35 /* Sources */,
				2770EA39291BEF4600760A35 /* Frameworks */,
				2770EA3A291BEF4600760A35 /* Resources */,
				1DA3BBEA291D2F5200D36FC1 /* ShellScript */,
			);
			buildRules = (
			);
			dependencies = (
			);
			name = Straightening;
			packageProductDependencies = (
			);
			productName = Straightening;
			productReference = 2770EA3C291BEF4600760A35 /* Straightening.app */;
			productType = "com.apple.product-type.application";
		};
		2770EA54291BEF4700760A35 /* StraighteningTests */ = {
			isa = PBXNativeTarget;
			buildConfigurationList = 2770EA6C291BEF4700760A35 /* Build configuration list for PBXNativeTarget "StraighteningTests" */;
			buildPhases = (
				2770EA51291BEF4700760A35 /* Sources */,
				2770EA52291BEF4700760A35 /* Frameworks */,
				2770EA53291BEF4700760A35 /* Resources */,
			);
			buildRules = (
			);
			dependencies = (
				2770EA57291BEF4700760A35 /* PBXTargetDependency */,
			);
			name = StraighteningTests;
			productName = StraighteningTests;
			productReference = 2770EA55291BEF4700760A35 /* StraighteningTests.xctest */;
			productType = "com.apple.product-type.bundle.unit-test";
		};
		2770EA5E291BEF4700760A35 /* StraighteningUITests */ = {
			isa = PBXNativeTarget;
			buildConfigurationList = 2770EA6F291BEF4700760A35 /* Build configuration list for PBXNativeTarget "StraighteningUITests" */;
			buildPhases = (
				2770EA5B291BEF4700760A35 /* Sources */,
				2770EA5C291BEF4700760A35 /* Frameworks */,
				2770EA5D291BEF4700760A35 /* Resources */,
			);
			buildRules = (
			);
			dependencies = (
				2770EA61291BEF4700760A35 /* PBXTargetDependency */,
			);
			name = StraighteningUITests;
			productName = StraighteningUITests;
			productReference = 2770EA5F291BEF4700760A35 /* StraighteningUITests.xctest */;
			productType = "com.apple.product-type.bundle.ui-testing";
		};
/* End PBXNativeTarget section */

/* Begin PBXProject section */
		2770EA34291BEF4600760A35 /* Project object */ = {
			isa = PBXProject;
			attributes = {
				BuildIndependentTargetsInParallel = 1;
				LastSwiftUpdateCheck = 1410;
				LastUpgradeCheck = 1410;
				TargetAttributes = {
					2770EA3B291BEF4600760A35 = {
						CreatedOnToolsVersion = 14.1;
					};
					2770EA54291BEF4700760A35 = {
						CreatedOnToolsVersion = 14.1;
						TestTargetID = 2770EA3B291BEF4600760A35;
					};
					2770EA5E291BEF4700760A35 = {
						CreatedOnToolsVersion = 14.1;
						TestTargetID = 2770EA3B291BEF4600760A35;
					};
				};
			};
			buildConfigurationList = 2770EA37291BEF4600760A35 /* Build configuration list for PBXProject "Straightening" */;
			compatibilityVersion = "Xcode 14.0";
			developmentRegion = en;
			hasScannedForEncodings = 0;
			knownRegions = (
				en,
				Base,
			);
			mainGroup = 2770EA33291BEF4600760A35;
			packageReferences = (
			);
			productRefGroup = 2770EA3D291BEF4600760A35 /* Products */;
			projectDirPath = "";
			projectRoot = "";
			targets = (
				2770EA3B291BEF4600760A35 /* Straightening */,
				2770EA54291BEF4700760A35 /* StraighteningTests */,
				2770EA5E291BEF4700760A35 /* StraighteningUITests */,
			);
		};
/* End PBXProject section */

/* Begin PBXResourcesBuildPhase section */
		2770EA3A291BEF4600760A35 /* Resources */ = {
			isa = PBXResourcesBuildPhase;
			buildActionMask = 2147483647;
			files = (
				2770EA4F291BEF4700760A35 /* LaunchScreen.storyboard in Resources */,
				2770EA4C291BEF4700760A35 /* Assets.xcassets in Resources */,
				1DB41A74292D002700FB81A0 /* Êxodo.geojson in Resources */,
				1DA45EE42929181D00BB5870 /* Gênesis.geojson in Resources */,
				1D635314292E99560052705D /* Levítico.geojson in Resources */,
				1D635316292E9B760052705D /* Números.geojson in Resources */,
			);
			runOnlyForDeploymentPostprocessing = 0;
		};
		2770EA53291BEF4700760A35 /* Resources */ = {
			isa = PBXResourcesBuildPhase;
			buildActionMask = 2147483647;
			files = (
			);
			runOnlyForDeploymentPostprocessing = 0;
		};
		2770EA5D291BEF4700760A35 /* Resources */ = {
			isa = PBXResourcesBuildPhase;
			buildActionMask = 2147483647;
			files = (
			);
			runOnlyForDeploymentPostprocessing = 0;
		};
/* End PBXResourcesBuildPhase section */

/* Begin PBXShellScriptBuildPhase section */
		1DA3BBEA291D2F5200D36FC1 /* ShellScript */ = {
			isa = PBXShellScriptBuildPhase;
			buildActionMask = 2147483647;
			files = (
			);
			inputFileListPaths = (
			);
			inputPaths = (
			);
			outputFileListPaths = (
			);
			outputPaths = (
			);
			runOnlyForDeploymentPostprocessing = 0;
			shellPath = /bin/sh;
			shellScript = "export PATH=\"$PATH:/opt/homebrew/bin\"\nif which swiftlint > /dev/null; then\n  swiftlint\nelse\n  echo \"warning: SwiftLint not installed, download from https://github.com/realm/SwiftLint\"\nfi\n";
		};
/* End PBXShellScriptBuildPhase section */

/* Begin PBXSourcesBuildPhase section */
		2770EA38291BEF4600760A35 /* Sources */ = {
			isa = PBXSourcesBuildPhase;
			buildActionMask = 2147483647;
			files = (
				1DA298CC2922A4F70034770C /* RegisterMinisteryViewController.swift in Sources */,
				277CC218291D69AB00BA2BCC /* Create+Labels.swift in Sources */,
				279E055F2921975F00A6E008 /* UIStackView+Border.swift in Sources */,
				1D65ED9129294259008842F4 /* BookCollectionViewCell.swift in Sources */,
				277CC21B291D6F2C00BA2BCC /* SetupView.swift in Sources */,
				1DF21B0F291C194800A85B05 /* Network.swift in Sources */,
				1DA4456C2927B029001E137C /* BookModel.swift in Sources */,
				2770EA44291BEF4600760A35 /* LoginViewController.swift in Sources */,
				279E055D2921972500A6E008 /* UITextField+NoPaste.swift in Sources */,
				279E0558292196C700A6E008 /* PickerViewAvaliableTimeTextField.swift in Sources */,
				2770EA4A291BEF4600760A35 /* Straightening.xcdatamodeld in Sources */,
				1DA298CA2922A4E80034770C /* RegisterEmailViewController.swift in Sources */,
				1DA298C429229AEE0034770C /* RegisterNameViewController.swift in Sources */,
				1DA298CE2922A50A0034770C /* RegisterBirthDateViewController.swift in Sources */,
				1DA298D02922A5190034770C /* RegisterAvaibleTimeViewController.swift in Sources */,
				27665C802927050A00F80344 /* UiStackView+VStack.swift in Sources */,
				2770EA40291BEF4600760A35 /* AppDelegate.swift in Sources */,
				27E3A6FB2925263F007CDF8A /* BooksModel.swift in Sources */,
				27665C8429270AFD00F80344 /* UiView+ConstrainsFunc.swift in Sources */,
				27E3A6FC2925263F007CDF8A /* BooksViewController.swift in Sources */,
				1DF21B13291C196200A85B05 /* UIView+Hierarchy.swift in Sources */,
				27E3A6FE2925263F007CDF8A /* BooksViewCollectionCell.swift in Sources */,
				2770EA81291C1F7D00760A35 /* HomeViewController.swift in Sources */,
				2770EA83291C1FA100760A35 /* FormViewController.swift in Sources */,
				1DA298C82922A4D60034770C /* RegisterPhoneViewController.swift in Sources */,
				1D695754292F9DC2008AE42D /* UIScrollView+Hierarchy.swift in Sources */,
				27C8BB6B292D1AC00067FE17 /* Regex+Cep.swift in Sources */,
				279E055B292196DD00A6E008 /* PickerViewMinisteryTextField.swift in Sources */,
				277CC216291D692500BA2BCC /* UIStackView+Hierarchy.swift in Sources */,
				2770EA42291BEF4600760A35 /* SceneDelegate.swift in Sources */,
				1D942CD7291D65A60018CC82 /* Assets.swift in Sources */,
				1DA4456A2927A807001E137C /* UINavigationController+Navigate.swift in Sources */,
				1D3E05D3291E81F6007F836C /* Create+Stacks.swift in Sources */,
				1D3E05D5291E8207007F836C /* Create+TextFields.swift in Sources */,
				27E712BC29266B3C00009AEF /* FormModel.swift in Sources */,
				27665C822927055100F80344 /* UiStackView+HStack.swift in Sources */,
				1D77F9AC2927D3ED00EF0EFB /* UIView+Background.swift in Sources */,
				27E712BA29266B2B00009AEF /* FormViewModel.swift in Sources */,
				27955AC929254C4500B12FD3 /* IntroViewController.swift in Sources */,
				1D942CD9291D65B70018CC82 /* Create+Buttons.swift in Sources */,
				1DB7864A2923A5A100DFF861 /* RegisterViewController.swift in Sources */,
				1D7A2DFD2926A2DA00F9907D /* BookViewController.swift in Sources */,
				27E3A6FD2925263F007CDF8A /* BooksViewModel.swift in Sources */,
				27E3A6F529251E75007CDF8A /* UIViewController+HiddenKeyboard.swift in Sources */,
				1D7A2DFF2926A5DA00F9907D /* Create+NavigationController.swift in Sources */,
				270C5EA8292DD12A00F8DFDC /* BindingTextField.swift in Sources */,
				1D695752292F963D008AE42D /* BookCollectionView.swift in Sources */,
				1DA4456E2927B2A5001E137C /* BookViewModel.swift in Sources */,
			);
			runOnlyForDeploymentPostprocessing = 0;
		};
		2770EA51291BEF4700760A35 /* Sources */ = {
			isa = PBXSourcesBuildPhase;
			buildActionMask = 2147483647;
			files = (
				2770EA5A291BEF4700760A35 /* StraighteningTests.swift in Sources */,
			);
			runOnlyForDeploymentPostprocessing = 0;
		};
		2770EA5B291BEF4700760A35 /* Sources */ = {
			isa = PBXSourcesBuildPhase;
			buildActionMask = 2147483647;
			files = (
				2770EA66291BEF4700760A35 /* StraighteningUITestsLaunchTests.swift in Sources */,
				2770EA64291BEF4700760A35 /* StraighteningUITests.swift in Sources */,
			);
			runOnlyForDeploymentPostprocessing = 0;
		};
/* End PBXSourcesBuildPhase section */

/* Begin PBXTargetDependency section */
		2770EA57291BEF4700760A35 /* PBXTargetDependency */ = {
			isa = PBXTargetDependency;
			target = 2770EA3B291BEF4600760A35 /* Straightening */;
			targetProxy = 2770EA56291BEF4700760A35 /* PBXContainerItemProxy */;
		};
		2770EA61291BEF4700760A35 /* PBXTargetDependency */ = {
			isa = PBXTargetDependency;
			target = 2770EA3B291BEF4600760A35 /* Straightening */;
			targetProxy = 2770EA60291BEF4700760A35 /* PBXContainerItemProxy */;
		};
/* End PBXTargetDependency section */

/* Begin PBXVariantGroup section */
		2770EA4D291BEF4700760A35 /* LaunchScreen.storyboard */ = {
			isa = PBXVariantGroup;
			children = (
				2770EA4E291BEF4700760A35 /* Base */,
			);
			name = LaunchScreen.storyboard;
			sourceTree = "<group>";
		};
/* End PBXVariantGroup section */

/* Begin XCBuildConfiguration section */
		2770EA67291BEF4700760A35 /* Debug */ = {
			isa = XCBuildConfiguration;
			buildSettings = {
				ALWAYS_SEARCH_USER_PATHS = NO;
				CLANG_ANALYZER_NONNULL = YES;
				CLANG_ANALYZER_NUMBER_OBJECT_CONVERSION = YES_AGGRESSIVE;
				CLANG_CXX_LANGUAGE_STANDARD = "gnu++20";
				CLANG_ENABLE_MODULES = YES;
				CLANG_ENABLE_OBJC_ARC = YES;
				CLANG_ENABLE_OBJC_WEAK = YES;
				CLANG_WARN_BLOCK_CAPTURE_AUTORELEASING = YES;
				CLANG_WARN_BOOL_CONVERSION = YES;
				CLANG_WARN_COMMA = YES;
				CLANG_WARN_CONSTANT_CONVERSION = YES;
				CLANG_WARN_DEPRECATED_OBJC_IMPLEMENTATIONS = YES;
				CLANG_WARN_DIRECT_OBJC_ISA_USAGE = YES_ERROR;
				CLANG_WARN_DOCUMENTATION_COMMENTS = YES;
				CLANG_WARN_EMPTY_BODY = YES;
				CLANG_WARN_ENUM_CONVERSION = YES;
				CLANG_WARN_INFINITE_RECURSION = YES;
				CLANG_WARN_INT_CONVERSION = YES;
				CLANG_WARN_NON_LITERAL_NULL_CONVERSION = YES;
				CLANG_WARN_OBJC_IMPLICIT_RETAIN_SELF = YES;
				CLANG_WARN_OBJC_LITERAL_CONVERSION = YES;
				CLANG_WARN_OBJC_ROOT_CLASS = YES_ERROR;
				CLANG_WARN_QUOTED_INCLUDE_IN_FRAMEWORK_HEADER = YES;
				CLANG_WARN_RANGE_LOOP_ANALYSIS = YES;
				CLANG_WARN_STRICT_PROTOTYPES = YES;
				CLANG_WARN_SUSPICIOUS_MOVE = YES;
				CLANG_WARN_UNGUARDED_AVAILABILITY = YES_AGGRESSIVE;
				CLANG_WARN_UNREACHABLE_CODE = YES;
				CLANG_WARN__DUPLICATE_METHOD_MATCH = YES;
				COPY_PHASE_STRIP = NO;
				DEBUG_INFORMATION_FORMAT = dwarf;
				ENABLE_STRICT_OBJC_MSGSEND = YES;
				ENABLE_TESTABILITY = YES;
				GCC_C_LANGUAGE_STANDARD = gnu11;
				GCC_DYNAMIC_NO_PIC = NO;
				GCC_NO_COMMON_BLOCKS = YES;
				GCC_OPTIMIZATION_LEVEL = 0;
				GCC_PREPROCESSOR_DEFINITIONS = (
					"DEBUG=1",
					"$(inherited)",
				);
				GCC_WARN_64_TO_32_BIT_CONVERSION = YES;
				GCC_WARN_ABOUT_RETURN_TYPE = YES_ERROR;
				GCC_WARN_UNDECLARED_SELECTOR = YES;
				GCC_WARN_UNINITIALIZED_AUTOS = YES_AGGRESSIVE;
				GCC_WARN_UNUSED_FUNCTION = YES;
				GCC_WARN_UNUSED_VARIABLE = YES;
				IPHONEOS_DEPLOYMENT_TARGET = 15.1;
				MTL_ENABLE_DEBUG_INFO = INCLUDE_SOURCE;
				MTL_FAST_MATH = YES;
				ONLY_ACTIVE_ARCH = YES;
				SDKROOT = iphoneos;
				SWIFT_ACTIVE_COMPILATION_CONDITIONS = DEBUG;
				SWIFT_OPTIMIZATION_LEVEL = "-Onone";
			};
			name = Debug;
		};
		2770EA68291BEF4700760A35 /* Release */ = {
			isa = XCBuildConfiguration;
			buildSettings = {
				ALWAYS_SEARCH_USER_PATHS = NO;
				CLANG_ANALYZER_NONNULL = YES;
				CLANG_ANALYZER_NUMBER_OBJECT_CONVERSION = YES_AGGRESSIVE;
				CLANG_CXX_LANGUAGE_STANDARD = "gnu++20";
				CLANG_ENABLE_MODULES = YES;
				CLANG_ENABLE_OBJC_ARC = YES;
				CLANG_ENABLE_OBJC_WEAK = YES;
				CLANG_WARN_BLOCK_CAPTURE_AUTORELEASING = YES;
				CLANG_WARN_BOOL_CONVERSION = YES;
				CLANG_WARN_COMMA = YES;
				CLANG_WARN_CONSTANT_CONVERSION = YES;
				CLANG_WARN_DEPRECATED_OBJC_IMPLEMENTATIONS = YES;
				CLANG_WARN_DIRECT_OBJC_ISA_USAGE = YES_ERROR;
				CLANG_WARN_DOCUMENTATION_COMMENTS = YES;
				CLANG_WARN_EMPTY_BODY = YES;
				CLANG_WARN_ENUM_CONVERSION = YES;
				CLANG_WARN_INFINITE_RECURSION = YES;
				CLANG_WARN_INT_CONVERSION = YES;
				CLANG_WARN_NON_LITERAL_NULL_CONVERSION = YES;
				CLANG_WARN_OBJC_IMPLICIT_RETAIN_SELF = YES;
				CLANG_WARN_OBJC_LITERAL_CONVERSION = YES;
				CLANG_WARN_OBJC_ROOT_CLASS = YES_ERROR;
				CLANG_WARN_QUOTED_INCLUDE_IN_FRAMEWORK_HEADER = YES;
				CLANG_WARN_RANGE_LOOP_ANALYSIS = YES;
				CLANG_WARN_STRICT_PROTOTYPES = YES;
				CLANG_WARN_SUSPICIOUS_MOVE = YES;
				CLANG_WARN_UNGUARDED_AVAILABILITY = YES_AGGRESSIVE;
				CLANG_WARN_UNREACHABLE_CODE = YES;
				CLANG_WARN__DUPLICATE_METHOD_MATCH = YES;
				COPY_PHASE_STRIP = NO;
				DEBUG_INFORMATION_FORMAT = "dwarf-with-dsym";
				ENABLE_NS_ASSERTIONS = NO;
				ENABLE_STRICT_OBJC_MSGSEND = YES;
				GCC_C_LANGUAGE_STANDARD = gnu11;
				GCC_NO_COMMON_BLOCKS = YES;
				GCC_WARN_64_TO_32_BIT_CONVERSION = YES;
				GCC_WARN_ABOUT_RETURN_TYPE = YES_ERROR;
				GCC_WARN_UNDECLARED_SELECTOR = YES;
				GCC_WARN_UNINITIALIZED_AUTOS = YES_AGGRESSIVE;
				GCC_WARN_UNUSED_FUNCTION = YES;
				GCC_WARN_UNUSED_VARIABLE = YES;
				IPHONEOS_DEPLOYMENT_TARGET = 15.1;
				MTL_ENABLE_DEBUG_INFO = NO;
				MTL_FAST_MATH = YES;
				SDKROOT = iphoneos;
				SWIFT_COMPILATION_MODE = wholemodule;
				SWIFT_OPTIMIZATION_LEVEL = "-O";
				VALIDATE_PRODUCT = YES;
			};
			name = Release;
		};
		2770EA6A291BEF4700760A35 /* Debug */ = {
			isa = XCBuildConfiguration;
			buildSettings = {
				ASSETCATALOG_COMPILER_APPICON_NAME = AppIcon;
				ASSETCATALOG_COMPILER_GLOBAL_ACCENT_COLOR_NAME = AccentColor;
				CODE_SIGN_STYLE = Automatic;
				CURRENT_PROJECT_VERSION = 1;
				GENERATE_INFOPLIST_FILE = YES;
				INFOPLIST_FILE = Straightening/Info.plist;
				INFOPLIST_KEY_UIApplicationSupportsIndirectInputEvents = YES;
				INFOPLIST_KEY_UILaunchStoryboardName = LaunchScreen;
				INFOPLIST_KEY_UISupportedInterfaceOrientations_iPad = "UIInterfaceOrientationPortrait UIInterfaceOrientationPortraitUpsideDown UIInterfaceOrientationLandscapeLeft UIInterfaceOrientationLandscapeRight";
				INFOPLIST_KEY_UISupportedInterfaceOrientations_iPhone = "UIInterfaceOrientationPortrait UIInterfaceOrientationLandscapeLeft UIInterfaceOrientationLandscapeRight";
				LD_RUNPATH_SEARCH_PATHS = (
					"$(inherited)",
					"@executable_path/Frameworks",
				);
				MARKETING_VERSION = 1.0;
				PRODUCT_BUNDLE_IDENTIFIER = villarDeveloper.Straightening;
				PRODUCT_NAME = "$(TARGET_NAME)";
				SWIFT_EMIT_LOC_STRINGS = YES;
				SWIFT_VERSION = 5.0;
				TARGETED_DEVICE_FAMILY = "1,2";
			};
			name = Debug;
		};
		2770EA6B291BEF4700760A35 /* Release */ = {
			isa = XCBuildConfiguration;
			buildSettings = {
				ASSETCATALOG_COMPILER_APPICON_NAME = AppIcon;
				ASSETCATALOG_COMPILER_GLOBAL_ACCENT_COLOR_NAME = AccentColor;
				CODE_SIGN_STYLE = Automatic;
				CURRENT_PROJECT_VERSION = 1;
				GENERATE_INFOPLIST_FILE = YES;
				INFOPLIST_FILE = Straightening/Info.plist;
				INFOPLIST_KEY_UIApplicationSupportsIndirectInputEvents = YES;
				INFOPLIST_KEY_UILaunchStoryboardName = LaunchScreen;
				INFOPLIST_KEY_UISupportedInterfaceOrientations_iPad = "UIInterfaceOrientationPortrait UIInterfaceOrientationPortraitUpsideDown UIInterfaceOrientationLandscapeLeft UIInterfaceOrientationLandscapeRight";
				INFOPLIST_KEY_UISupportedInterfaceOrientations_iPhone = "UIInterfaceOrientationPortrait UIInterfaceOrientationLandscapeLeft UIInterfaceOrientationLandscapeRight";
				LD_RUNPATH_SEARCH_PATHS = (
					"$(inherited)",
					"@executable_path/Frameworks",
				);
				MARKETING_VERSION = 1.0;
				PRODUCT_BUNDLE_IDENTIFIER = villarDeveloper.Straightening;
				PRODUCT_NAME = "$(TARGET_NAME)";
				SWIFT_EMIT_LOC_STRINGS = YES;
				SWIFT_VERSION = 5.0;
				TARGETED_DEVICE_FAMILY = "1,2";
			};
			name = Release;
		};
		2770EA6D291BEF4700760A35 /* Debug */ = {
			isa = XCBuildConfiguration;
			buildSettings = {
				ALWAYS_EMBED_SWIFT_STANDARD_LIBRARIES = YES;
				BUNDLE_LOADER = "$(TEST_HOST)";
				CODE_SIGN_STYLE = Automatic;
				CURRENT_PROJECT_VERSION = 1;
				GENERATE_INFOPLIST_FILE = YES;
				IPHONEOS_DEPLOYMENT_TARGET = 16.1;
				MARKETING_VERSION = 1.0;
				PRODUCT_BUNDLE_IDENTIFIER = villarDeveloper.StraighteningTests;
				PRODUCT_NAME = "$(TARGET_NAME)";
				SWIFT_EMIT_LOC_STRINGS = NO;
				SWIFT_VERSION = 5.0;
				TARGETED_DEVICE_FAMILY = "1,2";
				TEST_HOST = "$(BUILT_PRODUCTS_DIR)/Straightening.app/$(BUNDLE_EXECUTABLE_FOLDER_PATH)/Straightening";
			};
			name = Debug;
		};
		2770EA6E291BEF4700760A35 /* Release */ = {
			isa = XCBuildConfiguration;
			buildSettings = {
				ALWAYS_EMBED_SWIFT_STANDARD_LIBRARIES = YES;
				BUNDLE_LOADER = "$(TEST_HOST)";
				CODE_SIGN_STYLE = Automatic;
				CURRENT_PROJECT_VERSION = 1;
				GENERATE_INFOPLIST_FILE = YES;
				IPHONEOS_DEPLOYMENT_TARGET = 16.1;
				MARKETING_VERSION = 1.0;
				PRODUCT_BUNDLE_IDENTIFIER = villarDeveloper.StraighteningTests;
				PRODUCT_NAME = "$(TARGET_NAME)";
				SWIFT_EMIT_LOC_STRINGS = NO;
				SWIFT_VERSION = 5.0;
				TARGETED_DEVICE_FAMILY = "1,2";
				TEST_HOST = "$(BUILT_PRODUCTS_DIR)/Straightening.app/$(BUNDLE_EXECUTABLE_FOLDER_PATH)/Straightening";
			};
			name = Release;
		};
		2770EA70291BEF4700760A35 /* Debug */ = {
			isa = XCBuildConfiguration;
			buildSettings = {
				ALWAYS_EMBED_SWIFT_STANDARD_LIBRARIES = YES;
				CODE_SIGN_STYLE = Automatic;
				CURRENT_PROJECT_VERSION = 1;
				GENERATE_INFOPLIST_FILE = YES;
				MARKETING_VERSION = 1.0;
				PRODUCT_BUNDLE_IDENTIFIER = villarDeveloper.StraighteningUITests;
				PRODUCT_NAME = "$(TARGET_NAME)";
				SWIFT_EMIT_LOC_STRINGS = NO;
				SWIFT_VERSION = 5.0;
				TARGETED_DEVICE_FAMILY = "1,2";
				TEST_TARGET_NAME = Straightening;
			};
			name = Debug;
		};
		2770EA71291BEF4700760A35 /* Release */ = {
			isa = XCBuildConfiguration;
			buildSettings = {
				ALWAYS_EMBED_SWIFT_STANDARD_LIBRARIES = YES;
				CODE_SIGN_STYLE = Automatic;
				CURRENT_PROJECT_VERSION = 1;
				GENERATE_INFOPLIST_FILE = YES;
				MARKETING_VERSION = 1.0;
				PRODUCT_BUNDLE_IDENTIFIER = villarDeveloper.StraighteningUITests;
				PRODUCT_NAME = "$(TARGET_NAME)";
				SWIFT_EMIT_LOC_STRINGS = NO;
				SWIFT_VERSION = 5.0;
				TARGETED_DEVICE_FAMILY = "1,2";
				TEST_TARGET_NAME = Straightening;
			};
			name = Release;
		};
/* End XCBuildConfiguration section */

/* Begin XCConfigurationList section */
		2770EA37291BEF4600760A35 /* Build configuration list for PBXProject "Straightening" */ = {
			isa = XCConfigurationList;
			buildConfigurations = (
				2770EA67291BEF4700760A35 /* Debug */,
				2770EA68291BEF4700760A35 /* Release */,
			);
			defaultConfigurationIsVisible = 0;
			defaultConfigurationName = Release;
		};
		2770EA69291BEF4700760A35 /* Build configuration list for PBXNativeTarget "Straightening" */ = {
			isa = XCConfigurationList;
			buildConfigurations = (
				2770EA6A291BEF4700760A35 /* Debug */,
				2770EA6B291BEF4700760A35 /* Release */,
			);
			defaultConfigurationIsVisible = 0;
			defaultConfigurationName = Release;
		};
		2770EA6C291BEF4700760A35 /* Build configuration list for PBXNativeTarget "StraighteningTests" */ = {
			isa = XCConfigurationList;
			buildConfigurations = (
				2770EA6D291BEF4700760A35 /* Debug */,
				2770EA6E291BEF4700760A35 /* Release */,
			);
			defaultConfigurationIsVisible = 0;
			defaultConfigurationName = Release;
		};
		2770EA6F291BEF4700760A35 /* Build configuration list for PBXNativeTarget "StraighteningUITests" */ = {
			isa = XCConfigurationList;
			buildConfigurations = (
				2770EA70291BEF4700760A35 /* Debug */,
				2770EA71291BEF4700760A35 /* Release */,
			);
			defaultConfigurationIsVisible = 0;
			defaultConfigurationName = Release;
		};
/* End XCConfigurationList section */

/* Begin XCVersionGroup section */
		2770EA48291BEF4600760A35 /* Straightening.xcdatamodeld */ = {
			isa = XCVersionGroup;
			children = (
				2770EA49291BEF4600760A35 /* Straightening.xcdatamodel */,
			);
			currentVersion = 2770EA49291BEF4600760A35 /* Straightening.xcdatamodel */;
			path = Straightening.xcdatamodeld;
			sourceTree = "<group>";
			versionGroupType = wrapper.xcdatamodel;
		};
/* End XCVersionGroup section */
	};
	rootObject = 2770EA34291BEF4600760A35 /* Project object */;
}
